// !$*UTF8*$!
{
	archiveVersion = 1;
	classes = {
	};
	objectVersion = 55;
	objects = {

/* Begin PBXBuildFile section */
		967409FF27C1F0520047AF24 /* libVisualEffect.m in Sources */ = {isa = PBXBuildFile; fileRef = 967409FE27C1F0520047AF24 /* libVisualEffect.m */; };
		96740A0027C1F0520047AF24 /* libVisualEffect.h in CopyFiles */ = {isa = PBXBuildFile; fileRef = 967409FD27C1F0520047AF24 /* libVisualEffect.h */; };
		9674124E27C284EB0047AF24 /* VeRenderManager.cpp in Sources */ = {isa = PBXBuildFile; fileRef = 9674124C27C284EB0047AF24 /* VeRenderManager.cpp */; };
		9674125227C28A5C0047AF24 /* VeRenderInterface.cpp in Sources */ = {isa = PBXBuildFile; fileRef = 9674125027C28A5C0047AF24 /* VeRenderInterface.cpp */; };
		968842CD27C3E0B4008EDB78 /* CGDrawProgram.cpp in Sources */ = {isa = PBXBuildFile; fileRef = 968842B127C3E0B4008EDB78 /* CGDrawProgram.cpp */; };
		968842CE27C3E0B4008EDB78 /* glInterface.cpp in Sources */ = {isa = PBXBuildFile; fileRef = 968842B227C3E0B4008EDB78 /* glInterface.cpp */; };
		968842CF27C3E0B4008EDB78 /* CGDrawFramebufferCache.cpp in Sources */ = {isa = PBXBuildFile; fileRef = 968842B327C3E0B4008EDB78 /* CGDrawFramebufferCache.cpp */; };
		968842D027C3E0B4008EDB78 /* CGDrawTexture.cpp in Sources */ = {isa = PBXBuildFile; fileRef = 968842B427C3E0B4008EDB78 /* CGDrawTexture.cpp */; };
		968842D127C3E0B4008EDB78 /* CGDrawFramebuffer.cpp in Sources */ = {isa = PBXBuildFile; fileRef = 968842B627C3E0B4008EDB78 /* CGDrawFramebuffer.cpp */; };
		968842D227C3E0B4008EDB78 /* CGShaderUtil.cpp in Sources */ = {isa = PBXBuildFile; fileRef = 968842BF27C3E0B4008EDB78 /* CGShaderUtil.cpp */; };
		968842D327C3E0B4008EDB78 /* CGVec.cpp in Sources */ = {isa = PBXBuildFile; fileRef = 968842C027C3E0B4008EDB78 /* CGVec.cpp */; };
		968842D427C3E0B4008EDB78 /* CGDrawEngine.cpp in Sources */ = {isa = PBXBuildFile; fileRef = 968842C627C3E0B4008EDB78 /* CGDrawEngine.cpp */; };
		968842D527C3E0B4008EDB78 /* CGDrawFilter.cpp in Sources */ = {isa = PBXBuildFile; fileRef = 968842CC27C3E0B4008EDB78 /* CGDrawFilter.cpp */; };
		9688430727C3E1DF008EDB78 /* VisualEffect.docc in Sources */ = {isa = PBXBuildFile; fileRef = 9688430627C3E1DF008EDB78 /* VisualEffect.docc */; };
		9688432327C3E2B1008EDB78 /* CGPaintPipelineOutput.m in Sources */ = {isa = PBXBuildFile; fileRef = 9688430C27C3E2B1008EDB78 /* CGPaintPipelineOutput.m */; };
		9688432427C3E2B1008EDB78 /* CGPaintRenderPipeline.m in Sources */ = {isa = PBXBuildFile; fileRef = 9688430D27C3E2B1008EDB78 /* CGPaintRenderPipeline.m */; };
		9688432527C3E2B1008EDB78 /* CGPaintFramebuffer.m in Sources */ = {isa = PBXBuildFile; fileRef = 9688431027C3E2B1008EDB78 /* CGPaintFramebuffer.m */; };
		9688432627C3E2B1008EDB78 /* CGPaintProgram.m in Sources */ = {isa = PBXBuildFile; fileRef = 9688431427C3E2B1008EDB78 /* CGPaintProgram.m */; };
		9688432727C3E2B1008EDB78 /* CGPaintFramebufferCache.m in Sources */ = {isa = PBXBuildFile; fileRef = 9688431727C3E2B1008EDB78 /* CGPaintFramebufferCache.m */; };
		9688432827C3E2B1008EDB78 /* CGPaintOutput.m in Sources */ = {isa = PBXBuildFile; fileRef = 9688431827C3E2B1008EDB78 /* CGPaintOutput.m */; };
		9688432927C3E2B1008EDB78 /* CGPaintContext.m in Sources */ = {isa = PBXBuildFile; fileRef = 9688431A27C3E2B1008EDB78 /* CGPaintContext.m */; };
		9688432A27C3E2B1008EDB78 /* CGPaintViewOutput.m in Sources */ = {isa = PBXBuildFile; fileRef = 9688431E27C3E2B1008EDB78 /* CGPaintViewOutput.m */; };
		9688432B27C3E2B1008EDB78 /* CGPaintUtils.m in Sources */ = {isa = PBXBuildFile; fileRef = 9688432027C3E2B1008EDB78 /* CGPaintUtils.m */; };
		96CEB2CB27C4A4BB004E1812 /* VeModel.cpp in Sources */ = {isa = PBXBuildFile; fileRef = 96CEB2C927C4A4BB004E1812 /* VeModel.cpp */; };
/* End PBXBuildFile section */

/* Begin PBXCopyFilesBuildPhase section */
		967409F827C1F0520047AF24 /* CopyFiles */ = {
			isa = PBXCopyFilesBuildPhase;
			buildActionMask = 2147483647;
			dstPath = "include/$(PRODUCT_NAME)";
			dstSubfolderSpec = 16;
			files = (
				96740A0027C1F0520047AF24 /* libVisualEffect.h in CopyFiles */,
			);
			runOnlyForDeploymentPostprocessing = 0;
		};
/* End PBXCopyFilesBuildPhase section */

/* Begin PBXFileReference section */
		967409FA27C1F0520047AF24 /* liblibVisualEffect.a */ = {isa = PBXFileReference; explicitFileType = archive.ar; includeInIndex = 0; path = liblibVisualEffect.a; sourceTree = BUILT_PRODUCTS_DIR; };
		967409FD27C1F0520047AF24 /* libVisualEffect.h */ = {isa = PBXFileReference; lastKnownFileType = sourcecode.c.h; path = libVisualEffect.h; sourceTree = "<group>"; };
		967409FE27C1F0520047AF24 /* libVisualEffect.m */ = {isa = PBXFileReference; lastKnownFileType = sourcecode.c.objc; path = libVisualEffect.m; sourceTree = "<group>"; };
		9674124C27C284EB0047AF24 /* VeRenderManager.cpp */ = {isa = PBXFileReference; lastKnownFileType = sourcecode.cpp.cpp; path = VeRenderManager.cpp; sourceTree = "<group>"; };
		9674124D27C284EB0047AF24 /* VeRenderManager.h */ = {isa = PBXFileReference; lastKnownFileType = sourcecode.c.h; path = VeRenderManager.h; sourceTree = "<group>"; };
		9674125027C28A5C0047AF24 /* VeRenderInterface.cpp */ = {isa = PBXFileReference; lastKnownFileType = sourcecode.cpp.cpp; path = VeRenderInterface.cpp; sourceTree = "<group>"; };
		9674125127C28A5C0047AF24 /* VeRenderInterface.h */ = {isa = PBXFileReference; lastKnownFileType = sourcecode.c.h; path = VeRenderInterface.h; sourceTree = "<group>"; };
		968842AD27C3E0B4008EDB78 /* CGDrawFramebufferCache.h */ = {isa = PBXFileReference; fileEncoding = 4; lastKnownFileType = sourcecode.c.h; path = CGDrawFramebufferCache.h; sourceTree = "<group>"; };
		968842AE27C3E0B4008EDB78 /* CGDrawTexture.h */ = {isa = PBXFileReference; fileEncoding = 4; lastKnownFileType = sourcecode.c.h; path = CGDrawTexture.h; sourceTree = "<group>"; };
		968842AF27C3E0B4008EDB78 /* CGDrawProgram.h */ = {isa = PBXFileReference; fileEncoding = 4; lastKnownFileType = sourcecode.c.h; path = CGDrawProgram.h; sourceTree = "<group>"; };
		968842B027C3E0B4008EDB78 /* CGDrawFramebuffer.h */ = {isa = PBXFileReference; fileEncoding = 4; lastKnownFileType = sourcecode.c.h; path = CGDrawFramebuffer.h; sourceTree = "<group>"; };
		968842B127C3E0B4008EDB78 /* CGDrawProgram.cpp */ = {isa = PBXFileReference; fileEncoding = 4; lastKnownFileType = sourcecode.cpp.cpp; path = CGDrawProgram.cpp; sourceTree = "<group>"; };
		968842B227C3E0B4008EDB78 /* glInterface.cpp */ = {isa = PBXFileReference; fileEncoding = 4; lastKnownFileType = sourcecode.cpp.cpp; path = glInterface.cpp; sourceTree = "<group>"; };
		968842B327C3E0B4008EDB78 /* CGDrawFramebufferCache.cpp */ = {isa = PBXFileReference; fileEncoding = 4; lastKnownFileType = sourcecode.cpp.cpp; path = CGDrawFramebufferCache.cpp; sourceTree = "<group>"; };
		968842B427C3E0B4008EDB78 /* CGDrawTexture.cpp */ = {isa = PBXFileReference; fileEncoding = 4; lastKnownFileType = sourcecode.cpp.cpp; path = CGDrawTexture.cpp; sourceTree = "<group>"; };
		968842B527C3E0B4008EDB78 /* glInterface.h */ = {isa = PBXFileReference; fileEncoding = 4; lastKnownFileType = sourcecode.c.h; path = glInterface.h; sourceTree = "<group>"; };
		968842B627C3E0B4008EDB78 /* CGDrawFramebuffer.cpp */ = {isa = PBXFileReference; fileEncoding = 4; lastKnownFileType = sourcecode.cpp.cpp; path = CGDrawFramebuffer.cpp; sourceTree = "<group>"; };
		968842B827C3E0B4008EDB78 /* CGDrawDataInput.h */ = {isa = PBXFileReference; fileEncoding = 4; lastKnownFileType = sourcecode.c.h; path = CGDrawDataInput.h; sourceTree = "<group>"; };
		968842B927C3E0B4008EDB78 /* CGDrawTextureInput.h */ = {isa = PBXFileReference; fileEncoding = 4; lastKnownFileType = sourcecode.c.h; path = CGDrawTextureInput.h; sourceTree = "<group>"; };
		968842BA27C3E0B4008EDB78 /* CGDrawInput.h */ = {isa = PBXFileReference; fileEncoding = 4; lastKnownFileType = sourcecode.c.h; path = CGDrawInput.h; sourceTree = "<group>"; };
		968842BC27C3E0B4008EDB78 /* CGDrawTextureOutput.h */ = {isa = PBXFileReference; fileEncoding = 4; lastKnownFileType = sourcecode.c.h; path = CGDrawTextureOutput.h; sourceTree = "<group>"; };
		968842BD27C3E0B4008EDB78 /* CGDrawOutput.h */ = {isa = PBXFileReference; fileEncoding = 4; lastKnownFileType = sourcecode.c.h; path = CGDrawOutput.h; sourceTree = "<group>"; };
		968842BF27C3E0B4008EDB78 /* CGShaderUtil.cpp */ = {isa = PBXFileReference; fileEncoding = 4; lastKnownFileType = sourcecode.cpp.cpp; path = CGShaderUtil.cpp; sourceTree = "<group>"; };
		968842C027C3E0B4008EDB78 /* CGVec.cpp */ = {isa = PBXFileReference; fileEncoding = 4; lastKnownFileType = sourcecode.cpp.cpp; path = CGVec.cpp; sourceTree = "<group>"; };
		968842C127C3E0B4008EDB78 /* CGVec.h */ = {isa = PBXFileReference; fileEncoding = 4; lastKnownFileType = sourcecode.c.h; path = CGVec.h; sourceTree = "<group>"; };
		968842C227C3E0B4008EDB78 /* CGOpenGL.h */ = {isa = PBXFileReference; fileEncoding = 4; lastKnownFileType = sourcecode.c.h; path = CGOpenGL.h; sourceTree = "<group>"; };
		968842C327C3E0B4008EDB78 /* CGShaderUtil.h */ = {isa = PBXFileReference; fileEncoding = 4; lastKnownFileType = sourcecode.c.h; path = CGShaderUtil.h; sourceTree = "<group>"; };
		968842C427C3E0B4008EDB78 /* CGDrawLog.h */ = {isa = PBXFileReference; fileEncoding = 4; lastKnownFileType = sourcecode.c.h; path = CGDrawLog.h; sourceTree = "<group>"; };
		968842C627C3E0B4008EDB78 /* CGDrawEngine.cpp */ = {isa = PBXFileReference; fileEncoding = 4; lastKnownFileType = sourcecode.cpp.cpp; path = CGDrawEngine.cpp; sourceTree = "<group>"; };
		968842C727C3E0B4008EDB78 /* CGDrawBridge.h */ = {isa = PBXFileReference; fileEncoding = 4; lastKnownFileType = sourcecode.c.h; path = CGDrawBridge.h; sourceTree = "<group>"; };
		968842C827C3E0B4008EDB78 /* CGDrawEngine.h */ = {isa = PBXFileReference; fileEncoding = 4; lastKnownFileType = sourcecode.c.h; path = CGDrawEngine.h; sourceTree = "<group>"; };
		968842CA27C3E0B4008EDB78 /* CGDrawFilter.h */ = {isa = PBXFileReference; fileEncoding = 4; lastKnownFileType = sourcecode.c.h; path = CGDrawFilter.h; sourceTree = "<group>"; };
		968842CB27C3E0B4008EDB78 /* CGDrawShader.h */ = {isa = PBXFileReference; fileEncoding = 4; lastKnownFileType = sourcecode.c.h; path = CGDrawShader.h; sourceTree = "<group>"; };
		968842CC27C3E0B4008EDB78 /* CGDrawFilter.cpp */ = {isa = PBXFileReference; fileEncoding = 4; lastKnownFileType = sourcecode.cpp.cpp; path = CGDrawFilter.cpp; sourceTree = "<group>"; };
		968842D927C3E191008EDB78 /* fwd.h */ = {isa = PBXFileReference; fileEncoding = 4; lastKnownFileType = sourcecode.c.h; path = fwd.h; sourceTree = "<group>"; };
		968842DA27C3E191008EDB78 /* memorystream.h */ = {isa = PBXFileReference; fileEncoding = 4; lastKnownFileType = sourcecode.c.h; path = memorystream.h; sourceTree = "<group>"; };
		968842DB27C3E191008EDB78 /* reader.h */ = {isa = PBXFileReference; fileEncoding = 4; lastKnownFileType = sourcecode.c.h; path = reader.h; sourceTree = "<group>"; };
		968842DC27C3E191008EDB78 /* prettywriter.h */ = {isa = PBXFileReference; fileEncoding = 4; lastKnownFileType = sourcecode.c.h; path = prettywriter.h; sourceTree = "<group>"; };
		968842DD27C3E191008EDB78 /* ostreamwrapper.h */ = {isa = PBXFileReference; fileEncoding = 4; lastKnownFileType = sourcecode.c.h; path = ostreamwrapper.h; sourceTree = "<group>"; };
		968842DE27C3E191008EDB78 /* encodedstream.h */ = {isa = PBXFileReference; fileEncoding = 4; lastKnownFileType = sourcecode.c.h; path = encodedstream.h; sourceTree = "<group>"; };
		968842DF27C3E191008EDB78 /* filereadstream.h */ = {isa = PBXFileReference; fileEncoding = 4; lastKnownFileType = sourcecode.c.h; path = filereadstream.h; sourceTree = "<group>"; };
		968842E027C3E191008EDB78 /* cursorstreamwrapper.h */ = {isa = PBXFileReference; fileEncoding = 4; lastKnownFileType = sourcecode.c.h; path = cursorstreamwrapper.h; sourceTree = "<group>"; };
		968842E127C3E191008EDB78 /* istreamwrapper.h */ = {isa = PBXFileReference; fileEncoding = 4; lastKnownFileType = sourcecode.c.h; path = istreamwrapper.h; sourceTree = "<group>"; };
		968842E227C3E191008EDB78 /* uri.h */ = {isa = PBXFileReference; fileEncoding = 4; lastKnownFileType = sourcecode.c.h; path = uri.h; sourceTree = "<group>"; };
		968842E327C3E191008EDB78 /* stringbuffer.h */ = {isa = PBXFileReference; fileEncoding = 4; lastKnownFileType = sourcecode.c.h; path = stringbuffer.h; sourceTree = "<group>"; };
		968842E527C3E191008EDB78 /* ieee754.h */ = {isa = PBXFileReference; fileEncoding = 4; lastKnownFileType = sourcecode.c.h; path = ieee754.h; sourceTree = "<group>"; };
		968842E627C3E191008EDB78 /* strtod.h */ = {isa = PBXFileReference; fileEncoding = 4; lastKnownFileType = sourcecode.c.h; path = strtod.h; sourceTree = "<group>"; };
		968842E727C3E191008EDB78 /* swap.h */ = {isa = PBXFileReference; fileEncoding = 4; lastKnownFileType = sourcecode.c.h; path = swap.h; sourceTree = "<group>"; };
		968842E827C3E191008EDB78 /* regex.h */ = {isa = PBXFileReference; fileEncoding = 4; lastKnownFileType = sourcecode.c.h; path = regex.h; sourceTree = "<group>"; };
		968842E927C3E191008EDB78 /* diyfp.h */ = {isa = PBXFileReference; fileEncoding = 4; lastKnownFileType = sourcecode.c.h; path = diyfp.h; sourceTree = "<group>"; };
		968842EA27C3E191008EDB78 /* biginteger.h */ = {isa = PBXFileReference; fileEncoding = 4; lastKnownFileType = sourcecode.c.h; path = biginteger.h; sourceTree = "<group>"; };
		968842EB27C3E191008EDB78 /* strfunc.h */ = {isa = PBXFileReference; fileEncoding = 4; lastKnownFileType = sourcecode.c.h; path = strfunc.h; sourceTree = "<group>"; };
		968842EC27C3E191008EDB78 /* itoa.h */ = {isa = PBXFileReference; fileEncoding = 4; lastKnownFileType = sourcecode.c.h; path = itoa.h; sourceTree = "<group>"; };
		968842ED27C3E191008EDB78 /* stack.h */ = {isa = PBXFileReference; fileEncoding = 4; lastKnownFileType = sourcecode.c.h; path = stack.h; sourceTree = "<group>"; };
		968842EE27C3E191008EDB78 /* dtoa.h */ = {isa = PBXFileReference; fileEncoding = 4; lastKnownFileType = sourcecode.c.h; path = dtoa.h; sourceTree = "<group>"; };
		968842EF27C3E191008EDB78 /* clzll.h */ = {isa = PBXFileReference; fileEncoding = 4; lastKnownFileType = sourcecode.c.h; path = clzll.h; sourceTree = "<group>"; };
		968842F027C3E191008EDB78 /* meta.h */ = {isa = PBXFileReference; fileEncoding = 4; lastKnownFileType = sourcecode.c.h; path = meta.h; sourceTree = "<group>"; };
		968842F127C3E191008EDB78 /* pow10.h */ = {isa = PBXFileReference; fileEncoding = 4; lastKnownFileType = sourcecode.c.h; path = pow10.h; sourceTree = "<group>"; };
		968842F227C3E191008EDB78 /* encodings.h */ = {isa = PBXFileReference; fileEncoding = 4; lastKnownFileType = sourcecode.c.h; path = encodings.h; sourceTree = "<group>"; };
		968842F327C3E191008EDB78 /* schema.h */ = {isa = PBXFileReference; fileEncoding = 4; lastKnownFileType = sourcecode.c.h; path = schema.h; sourceTree = "<group>"; };
		968842F427C3E191008EDB78 /* stream.h */ = {isa = PBXFileReference; fileEncoding = 4; lastKnownFileType = sourcecode.c.h; path = stream.h; sourceTree = "<group>"; };
		968842F527C3E191008EDB78 /* filewritestream.h */ = {isa = PBXFileReference; fileEncoding = 4; lastKnownFileType = sourcecode.c.h; path = filewritestream.h; sourceTree = "<group>"; };
		968842F627C3E191008EDB78 /* rapidjson.h */ = {isa = PBXFileReference; fileEncoding = 4; lastKnownFileType = sourcecode.c.h; path = rapidjson.h; sourceTree = "<group>"; };
		968842F727C3E191008EDB78 /* document.h */ = {isa = PBXFileReference; fileEncoding = 4; lastKnownFileType = sourcecode.c.h; path = document.h; sourceTree = "<group>"; };
		968842F827C3E191008EDB78 /* allocators.h */ = {isa = PBXFileReference; fileEncoding = 4; lastKnownFileType = sourcecode.c.h; path = allocators.h; sourceTree = "<group>"; };
		968842F927C3E191008EDB78 /* writer.h */ = {isa = PBXFileReference; fileEncoding = 4; lastKnownFileType = sourcecode.c.h; path = writer.h; sourceTree = "<group>"; };
		968842FB27C3E191008EDB78 /* error.h */ = {isa = PBXFileReference; fileEncoding = 4; lastKnownFileType = sourcecode.c.h; path = error.h; sourceTree = "<group>"; };
		968842FC27C3E191008EDB78 /* en.h */ = {isa = PBXFileReference; fileEncoding = 4; lastKnownFileType = sourcecode.c.h; path = en.h; sourceTree = "<group>"; };
		968842FD27C3E191008EDB78 /* memorybuffer.h */ = {isa = PBXFileReference; fileEncoding = 4; lastKnownFileType = sourcecode.c.h; path = memorybuffer.h; sourceTree = "<group>"; };
		968842FE27C3E191008EDB78 /* pointer.h */ = {isa = PBXFileReference; fileEncoding = 4; lastKnownFileType = sourcecode.c.h; path = pointer.h; sourceTree = "<group>"; };
		9688430027C3E191008EDB78 /* inttypes.h */ = {isa = PBXFileReference; fileEncoding = 4; lastKnownFileType = sourcecode.c.h; path = inttypes.h; sourceTree = "<group>"; };
		9688430127C3E191008EDB78 /* stdint.h */ = {isa = PBXFileReference; fileEncoding = 4; lastKnownFileType = sourcecode.c.h; path = stdint.h; sourceTree = "<group>"; };
		9688430627C3E1DF008EDB78 /* VisualEffect.docc */ = {isa = PBXFileReference; lastKnownFileType = folder.documentationcatalog; path = VisualEffect.docc; sourceTree = "<group>"; };
		9688430B27C3E2B1008EDB78 /* CGPaintRenderPipeline.h */ = {isa = PBXFileReference; fileEncoding = 4; lastKnownFileType = sourcecode.c.h; path = CGPaintRenderPipeline.h; sourceTree = "<group>"; };
		9688430C27C3E2B1008EDB78 /* CGPaintPipelineOutput.m */ = {isa = PBXFileReference; fileEncoding = 4; lastKnownFileType = sourcecode.c.objc; path = CGPaintPipelineOutput.m; sourceTree = "<group>"; };
		9688430D27C3E2B1008EDB78 /* CGPaintRenderPipeline.m */ = {isa = PBXFileReference; fileEncoding = 4; lastKnownFileType = sourcecode.c.objc; path = CGPaintRenderPipeline.m; sourceTree = "<group>"; };
		9688430E27C3E2B1008EDB78 /* CGPaintPipelineOutput.h */ = {isa = PBXFileReference; fileEncoding = 4; lastKnownFileType = sourcecode.c.h; path = CGPaintPipelineOutput.h; sourceTree = "<group>"; };
		9688431027C3E2B1008EDB78 /* CGPaintFramebuffer.m */ = {isa = PBXFileReference; fileEncoding = 4; lastKnownFileType = sourcecode.c.objc; path = CGPaintFramebuffer.m; sourceTree = "<group>"; };
		9688431127C3E2B1008EDB78 /* CGPaintFramebufferCache.h */ = {isa = PBXFileReference; fileEncoding = 4; lastKnownFileType = sourcecode.c.h; path = CGPaintFramebufferCache.h; sourceTree = "<group>"; };
		9688431227C3E2B1008EDB78 /* CGPaintContext.h */ = {isa = PBXFileReference; fileEncoding = 4; lastKnownFileType = sourcecode.c.h; path = CGPaintContext.h; sourceTree = "<group>"; };
		9688431327C3E2B1008EDB78 /* CGPaintFilterInput.h */ = {isa = PBXFileReference; fileEncoding = 4; lastKnownFileType = sourcecode.c.h; path = CGPaintFilterInput.h; sourceTree = "<group>"; };
		9688431427C3E2B1008EDB78 /* CGPaintProgram.m */ = {isa = PBXFileReference; fileEncoding = 4; lastKnownFileType = sourcecode.c.objc; path = CGPaintProgram.m; sourceTree = "<group>"; };
		9688431527C3E2B1008EDB78 /* CGPaintOutput.h */ = {isa = PBXFileReference; fileEncoding = 4; lastKnownFileType = sourcecode.c.h; path = CGPaintOutput.h; sourceTree = "<group>"; };
		9688431627C3E2B1008EDB78 /* CGPaintFramebuffer.h */ = {isa = PBXFileReference; fileEncoding = 4; lastKnownFileType = sourcecode.c.h; path = CGPaintFramebuffer.h; sourceTree = "<group>"; };
		9688431727C3E2B1008EDB78 /* CGPaintFramebufferCache.m */ = {isa = PBXFileReference; fileEncoding = 4; lastKnownFileType = sourcecode.c.objc; path = CGPaintFramebufferCache.m; sourceTree = "<group>"; };
		9688431827C3E2B1008EDB78 /* CGPaintOutput.m */ = {isa = PBXFileReference; fileEncoding = 4; lastKnownFileType = sourcecode.c.objc; path = CGPaintOutput.m; sourceTree = "<group>"; };
		9688431927C3E2B1008EDB78 /* CGPaintProgram.h */ = {isa = PBXFileReference; fileEncoding = 4; lastKnownFileType = sourcecode.c.h; path = CGPaintProgram.h; sourceTree = "<group>"; };
		9688431A27C3E2B1008EDB78 /* CGPaintContext.m */ = {isa = PBXFileReference; fileEncoding = 4; lastKnownFileType = sourcecode.c.objc; path = CGPaintContext.m; sourceTree = "<group>"; };
		9688431C27C3E2B1008EDB78 /* CGPaintInput.h */ = {isa = PBXFileReference; fileEncoding = 4; lastKnownFileType = sourcecode.c.h; path = CGPaintInput.h; sourceTree = "<group>"; };
		9688431E27C3E2B1008EDB78 /* CGPaintViewOutput.m */ = {isa = PBXFileReference; fileEncoding = 4; lastKnownFileType = sourcecode.c.objc; path = CGPaintViewOutput.m; sourceTree = "<group>"; };
		9688431F27C3E2B1008EDB78 /* CGPaintViewOutput.h */ = {isa = PBXFileReference; fileEncoding = 4; lastKnownFileType = sourcecode.c.h; path = CGPaintViewOutput.h; sourceTree = "<group>"; };
		9688432027C3E2B1008EDB78 /* CGPaintUtils.m */ = {isa = PBXFileReference; fileEncoding = 4; lastKnownFileType = sourcecode.c.objc; path = CGPaintUtils.m; sourceTree = "<group>"; };
		9688432127C3E2B1008EDB78 /* CGPaintUtils.h */ = {isa = PBXFileReference; fileEncoding = 4; lastKnownFileType = sourcecode.c.h; path = CGPaintUtils.h; sourceTree = "<group>"; };
		9688432227C3E2B1008EDB78 /* CGPaint.h */ = {isa = PBXFileReference; fileEncoding = 4; lastKnownFileType = sourcecode.c.h; path = CGPaint.h; sourceTree = "<group>"; };
		96CEB2C927C4A4BB004E1812 /* VeModel.cpp */ = {isa = PBXFileReference; lastKnownFileType = sourcecode.cpp.cpp; path = VeModel.cpp; sourceTree = "<group>"; };
		96CEB2CA27C4A4BB004E1812 /* VeModel.h */ = {isa = PBXFileReference; lastKnownFileType = sourcecode.c.h; path = VeModel.h; sourceTree = "<group>"; };
/* End PBXFileReference section */

/* Begin PBXFrameworksBuildPhase section */
		967409F727C1F0520047AF24 /* Frameworks */ = {
			isa = PBXFrameworksBuildPhase;
			buildActionMask = 2147483647;
			files = (
			);
			runOnlyForDeploymentPostprocessing = 0;
		};
/* End PBXFrameworksBuildPhase section */

/* Begin PBXGroup section */
		967409F127C1F0520047AF24 = {
			isa = PBXGroup;
			children = (
				9688430627C3E1DF008EDB78 /* VisualEffect.docc */,
				967409FC27C1F0520047AF24 /* libVisualEffect */,
				967409FB27C1F0520047AF24 /* Products */,
			);
			sourceTree = "<group>";
		};
		967409FB27C1F0520047AF24 /* Products */ = {
			isa = PBXGroup;
			children = (
				967409FA27C1F0520047AF24 /* liblibVisualEffect.a */,
			);
			name = Products;
			sourceTree = "<group>";
		};
		967409FC27C1F0520047AF24 /* libVisualEffect */ = {
			isa = PBXGroup;
			children = (
				9688430827C3E2B1008EDB78 /* platform */,
				968842D627C3E191008EDB78 /* vga */,
				968842AB27C3E0B4008EDB78 /* vgx */,
				967409FD27C1F0520047AF24 /* libVisualEffect.h */,
				967409FE27C1F0520047AF24 /* libVisualEffect.m */,
			);
			path = libVisualEffect;
			sourceTree = "<group>";
		};
		9674124B27C284B20047AF24 /* public */ = {
			isa = PBXGroup;
			children = (
				9674124C27C284EB0047AF24 /* VeRenderManager.cpp */,
				9674124D27C284EB0047AF24 /* VeRenderManager.h */,
				9674125027C28A5C0047AF24 /* VeRenderInterface.cpp */,
				9674125127C28A5C0047AF24 /* VeRenderInterface.h */,
			);
			path = public;
			sourceTree = "<group>";
		};
		968842AB27C3E0B4008EDB78 /* vgx */ = {
			isa = PBXGroup;
			children = (
				968842AC27C3E0B4008EDB78 /* core */,
				968842B727C3E0B4008EDB78 /* input */,
				968842BB27C3E0B4008EDB78 /* output */,
				968842BE27C3E0B4008EDB78 /* utils */,
				968842C527C3E0B4008EDB78 /* public */,
				968842C927C3E0B4008EDB78 /* shader */,
			);
			name = vgx;
			path = ../../../src/vgx;
			sourceTree = "<group>";
		};
		968842AC27C3E0B4008EDB78 /* core */ = {
			isa = PBXGroup;
			children = (
				968842B627C3E0B4008EDB78 /* CGDrawFramebuffer.cpp */,
				968842B027C3E0B4008EDB78 /* CGDrawFramebuffer.h */,
				968842B327C3E0B4008EDB78 /* CGDrawFramebufferCache.cpp */,
				968842AD27C3E0B4008EDB78 /* CGDrawFramebufferCache.h */,
				968842B127C3E0B4008EDB78 /* CGDrawProgram.cpp */,
				968842AF27C3E0B4008EDB78 /* CGDrawProgram.h */,
				968842B427C3E0B4008EDB78 /* CGDrawTexture.cpp */,
				968842AE27C3E0B4008EDB78 /* CGDrawTexture.h */,
				968842B227C3E0B4008EDB78 /* glInterface.cpp */,
				968842B527C3E0B4008EDB78 /* glInterface.h */,
			);
			path = core;
			sourceTree = "<group>";
		};
		968842B727C3E0B4008EDB78 /* input */ = {
			isa = PBXGroup;
			children = (
				968842B827C3E0B4008EDB78 /* CGDrawDataInput.h */,
				968842BA27C3E0B4008EDB78 /* CGDrawInput.h */,
				968842B927C3E0B4008EDB78 /* CGDrawTextureInput.h */,
			);
			path = input;
			sourceTree = "<group>";
		};
		968842BB27C3E0B4008EDB78 /* output */ = {
			isa = PBXGroup;
			children = (
				968842BD27C3E0B4008EDB78 /* CGDrawOutput.h */,
				968842BC27C3E0B4008EDB78 /* CGDrawTextureOutput.h */,
			);
			path = output;
			sourceTree = "<group>";
		};
		968842BE27C3E0B4008EDB78 /* utils */ = {
			isa = PBXGroup;
			children = (
				968842C427C3E0B4008EDB78 /* CGDrawLog.h */,
				968842C227C3E0B4008EDB78 /* CGOpenGL.h */,
				968842BF27C3E0B4008EDB78 /* CGShaderUtil.cpp */,
				968842C327C3E0B4008EDB78 /* CGShaderUtil.h */,
				968842C027C3E0B4008EDB78 /* CGVec.cpp */,
				968842C127C3E0B4008EDB78 /* CGVec.h */,
			);
			path = utils;
			sourceTree = "<group>";
		};
		968842C527C3E0B4008EDB78 /* public */ = {
			isa = PBXGroup;
			children = (
				968842C727C3E0B4008EDB78 /* CGDrawBridge.h */,
				968842C627C3E0B4008EDB78 /* CGDrawEngine.cpp */,
				968842C827C3E0B4008EDB78 /* CGDrawEngine.h */,
			);
			path = public;
			sourceTree = "<group>";
		};
		968842C927C3E0B4008EDB78 /* shader */ = {
			isa = PBXGroup;
			children = (
				968842CC27C3E0B4008EDB78 /* CGDrawFilter.cpp */,
				968842CA27C3E0B4008EDB78 /* CGDrawFilter.h */,
				968842CB27C3E0B4008EDB78 /* CGDrawShader.h */,
			);
			path = shader;
			sourceTree = "<group>";
		};
		968842D627C3E191008EDB78 /* vga */ = {
			isa = PBXGroup;
			children = (
				968842D727C3E191008EDB78 /* third */,
				9688430227C3E191008EDB78 /* json */,
			);
			name = vga;
			path = ../../../src/vga;
			sourceTree = "<group>";
		};
		968842D727C3E191008EDB78 /* third */ = {
			isa = PBXGroup;
			children = (
				968842D827C3E191008EDB78 /* rapidjson */,
			);
			path = third;
			sourceTree = "<group>";
		};
		968842D827C3E191008EDB78 /* rapidjson */ = {
			isa = PBXGroup;
			children = (
				968842D927C3E191008EDB78 /* fwd.h */,
				968842DA27C3E191008EDB78 /* memorystream.h */,
				968842DB27C3E191008EDB78 /* reader.h */,
				968842DC27C3E191008EDB78 /* prettywriter.h */,
				968842DD27C3E191008EDB78 /* ostreamwrapper.h */,
				968842DE27C3E191008EDB78 /* encodedstream.h */,
				968842DF27C3E191008EDB78 /* filereadstream.h */,
				968842E027C3E191008EDB78 /* cursorstreamwrapper.h */,
				968842E127C3E191008EDB78 /* istreamwrapper.h */,
				968842E227C3E191008EDB78 /* uri.h */,
				968842E327C3E191008EDB78 /* stringbuffer.h */,
				968842E427C3E191008EDB78 /* internal */,
				968842F227C3E191008EDB78 /* encodings.h */,
				968842F327C3E191008EDB78 /* schema.h */,
				968842F427C3E191008EDB78 /* stream.h */,
				968842F527C3E191008EDB78 /* filewritestream.h */,
				968842F627C3E191008EDB78 /* rapidjson.h */,
				968842F727C3E191008EDB78 /* document.h */,
				968842F827C3E191008EDB78 /* allocators.h */,
				968842F927C3E191008EDB78 /* writer.h */,
				968842FA27C3E191008EDB78 /* error */,
				968842FD27C3E191008EDB78 /* memorybuffer.h */,
				968842FE27C3E191008EDB78 /* pointer.h */,
				968842FF27C3E191008EDB78 /* msinttypes */,
			);
			path = rapidjson;
			sourceTree = "<group>";
		};
		968842E427C3E191008EDB78 /* internal */ = {
			isa = PBXGroup;
			children = (
				968842E527C3E191008EDB78 /* ieee754.h */,
				968842E627C3E191008EDB78 /* strtod.h */,
				968842E727C3E191008EDB78 /* swap.h */,
				968842E827C3E191008EDB78 /* regex.h */,
				968842E927C3E191008EDB78 /* diyfp.h */,
				968842EA27C3E191008EDB78 /* biginteger.h */,
				968842EB27C3E191008EDB78 /* strfunc.h */,
				968842EC27C3E191008EDB78 /* itoa.h */,
				968842ED27C3E191008EDB78 /* stack.h */,
				968842EE27C3E191008EDB78 /* dtoa.h */,
				968842EF27C3E191008EDB78 /* clzll.h */,
				968842F027C3E191008EDB78 /* meta.h */,
				968842F127C3E191008EDB78 /* pow10.h */,
			);
			path = internal;
			sourceTree = "<group>";
		};
		968842FA27C3E191008EDB78 /* error */ = {
			isa = PBXGroup;
			children = (
				968842FB27C3E191008EDB78 /* error.h */,
				968842FC27C3E191008EDB78 /* en.h */,
			);
			path = error;
			sourceTree = "<group>";
		};
		968842FF27C3E191008EDB78 /* msinttypes */ = {
			isa = PBXGroup;
			children = (
				9688430027C3E191008EDB78 /* inttypes.h */,
				9688430127C3E191008EDB78 /* stdint.h */,
			);
			path = msinttypes;
			sourceTree = "<group>";
		};
		9688430227C3E191008EDB78 /* json */ = {
			isa = PBXGroup;
			children = (
				96CEB2C927C4A4BB004E1812 /* VeModel.cpp */,
				96CEB2CA27C4A4BB004E1812 /* VeModel.h */,
			);
			path = json;
			sourceTree = "<group>";
		};
		9688430827C3E2B1008EDB78 /* platform */ = {
			isa = PBXGroup;
			children = (
				9674124B27C284B20047AF24 /* public */,
				9688430927C3E2B1008EDB78 /* ios */,
			);
			name = platform;
			path = ../../../src/platform;
			sourceTree = "<group>";
		};
		9688430927C3E2B1008EDB78 /* ios */ = {
			isa = PBXGroup;
			children = (
				9688430A27C3E2B1008EDB78 /* pipeline */,
				9688430F27C3E2B1008EDB78 /* core */,
				9688431B27C3E2B1008EDB78 /* input */,
				9688431D27C3E2B1008EDB78 /* output */,
				9688432027C3E2B1008EDB78 /* CGPaintUtils.m */,
				9688432127C3E2B1008EDB78 /* CGPaintUtils.h */,
				9688432227C3E2B1008EDB78 /* CGPaint.h */,
			);
			path = ios;
			sourceTree = "<group>";
		};
		9688430A27C3E2B1008EDB78 /* pipeline */ = {
			isa = PBXGroup;
			children = (
				9688430B27C3E2B1008EDB78 /* CGPaintRenderPipeline.h */,
				9688430C27C3E2B1008EDB78 /* CGPaintPipelineOutput.m */,
				9688430D27C3E2B1008EDB78 /* CGPaintRenderPipeline.m */,
				9688430E27C3E2B1008EDB78 /* CGPaintPipelineOutput.h */,
			);
			path = pipeline;
			sourceTree = "<group>";
		};
		9688430F27C3E2B1008EDB78 /* core */ = {
			isa = PBXGroup;
			children = (
				9688431027C3E2B1008EDB78 /* CGPaintFramebuffer.m */,
				9688431127C3E2B1008EDB78 /* CGPaintFramebufferCache.h */,
				9688431227C3E2B1008EDB78 /* CGPaintContext.h */,
				9688431327C3E2B1008EDB78 /* CGPaintFilterInput.h */,
				9688431427C3E2B1008EDB78 /* CGPaintProgram.m */,
				9688431527C3E2B1008EDB78 /* CGPaintOutput.h */,
				9688431627C3E2B1008EDB78 /* CGPaintFramebuffer.h */,
				9688431727C3E2B1008EDB78 /* CGPaintFramebufferCache.m */,
				9688431827C3E2B1008EDB78 /* CGPaintOutput.m */,
				9688431927C3E2B1008EDB78 /* CGPaintProgram.h */,
				9688431A27C3E2B1008EDB78 /* CGPaintContext.m */,
			);
			path = core;
			sourceTree = "<group>";
		};
		9688431B27C3E2B1008EDB78 /* input */ = {
			isa = PBXGroup;
			children = (
				9688431C27C3E2B1008EDB78 /* CGPaintInput.h */,
			);
			path = input;
			sourceTree = "<group>";
		};
		9688431D27C3E2B1008EDB78 /* output */ = {
			isa = PBXGroup;
			children = (
				9688431E27C3E2B1008EDB78 /* CGPaintViewOutput.m */,
				9688431F27C3E2B1008EDB78 /* CGPaintViewOutput.h */,
			);
			path = output;
			sourceTree = "<group>";
		};
/* End PBXGroup section */

/* Begin PBXNativeTarget section */
		967409F927C1F0520047AF24 /* libVisualEffect */ = {
			isa = PBXNativeTarget;
			buildConfigurationList = 96740A0327C1F0520047AF24 /* Build configuration list for PBXNativeTarget "libVisualEffect" */;
			buildPhases = (
				967409F627C1F0520047AF24 /* Sources */,
				967409F727C1F0520047AF24 /* Frameworks */,
				967409F827C1F0520047AF24 /* CopyFiles */,
			);
			buildRules = (
			);
			dependencies = (
			);
			name = libVisualEffect;
			productName = libVisualEffect;
			productReference = 967409FA27C1F0520047AF24 /* liblibVisualEffect.a */;
			productType = "com.apple.product-type.library.static";
		};
/* End PBXNativeTarget section */

/* Begin PBXProject section */
		967409F227C1F0520047AF24 /* Project object */ = {
			isa = PBXProject;
			attributes = {
				BuildIndependentTargetsInParallel = 1;
				LastUpgradeCheck = 1320;
				TargetAttributes = {
					967409F927C1F0520047AF24 = {
						CreatedOnToolsVersion = 13.2.1;
					};
				};
			};
			buildConfigurationList = 967409F527C1F0520047AF24 /* Build configuration list for PBXProject "libVisualEffect" */;
			compatibilityVersion = "Xcode 13.0";
			developmentRegion = en;
			hasScannedForEncodings = 0;
			knownRegions = (
				en,
				Base,
			);
			mainGroup = 967409F127C1F0520047AF24;
			productRefGroup = 967409FB27C1F0520047AF24 /* Products */;
			projectDirPath = "";
			projectRoot = "";
			targets = (
				967409F927C1F0520047AF24 /* libVisualEffect */,
			);
		};
/* End PBXProject section */

/* Begin PBXSourcesBuildPhase section */
		967409F627C1F0520047AF24 /* Sources */ = {
			isa = PBXSourcesBuildPhase;
			buildActionMask = 2147483647;
			files = (
				968842D227C3E0B4008EDB78 /* CGShaderUtil.cpp in Sources */,
				968842CE27C3E0B4008EDB78 /* glInterface.cpp in Sources */,
				968842D527C3E0B4008EDB78 /* CGDrawFilter.cpp in Sources */,
				968842D127C3E0B4008EDB78 /* CGDrawFramebuffer.cpp in Sources */,
				968842CD27C3E0B4008EDB78 /* CGDrawProgram.cpp in Sources */,
				968842CF27C3E0B4008EDB78 /* CGDrawFramebufferCache.cpp in Sources */,
				9688430727C3E1DF008EDB78 /* VisualEffect.docc in Sources */,
				96CEB2CB27C4A4BB004E1812 /* VeModel.cpp in Sources */,
				9688432927C3E2B1008EDB78 /* CGPaintContext.m in Sources */,
				968842D027C3E0B4008EDB78 /* CGDrawTexture.cpp in Sources */,
				9688432627C3E2B1008EDB78 /* CGPaintProgram.m in Sources */,
				9674124E27C284EB0047AF24 /* VeRenderManager.cpp in Sources */,
				9688432527C3E2B1008EDB78 /* CGPaintFramebuffer.m in Sources */,
				9688432727C3E2B1008EDB78 /* CGPaintFramebufferCache.m in Sources */,
				9688432A27C3E2B1008EDB78 /* CGPaintViewOutput.m in Sources */,
				9688432827C3E2B1008EDB78 /* CGPaintOutput.m in Sources */,
				9688432B27C3E2B1008EDB78 /* CGPaintUtils.m in Sources */,
				9674125227C28A5C0047AF24 /* VeRenderInterface.cpp in Sources */,
				968842D327C3E0B4008EDB78 /* CGVec.cpp in Sources */,
				967409FF27C1F0520047AF24 /* libVisualEffect.m in Sources */,
				9688432327C3E2B1008EDB78 /* CGPaintPipelineOutput.m in Sources */,
				9688432427C3E2B1008EDB78 /* CGPaintRenderPipeline.m in Sources */,
				968842D427C3E0B4008EDB78 /* CGDrawEngine.cpp in Sources */,
			);
			runOnlyForDeploymentPostprocessing = 0;
		};
/* End PBXSourcesBuildPhase section */

/* Begin XCBuildConfiguration section */
		96740A0127C1F0520047AF24 /* Debug */ = {
			isa = XCBuildConfiguration;
			buildSettings = {
				ALWAYS_SEARCH_USER_PATHS = NO;
				CLANG_ANALYZER_NONNULL = YES;
				CLANG_ANALYZER_NUMBER_OBJECT_CONVERSION = YES_AGGRESSIVE;
				CLANG_CXX_LANGUAGE_STANDARD = "gnu++17";
				CLANG_CXX_LIBRARY = "libc++";
				CLANG_ENABLE_MODULES = YES;
				CLANG_ENABLE_OBJC_ARC = YES;
				CLANG_ENABLE_OBJC_WEAK = YES;
				CLANG_WARN_BLOCK_CAPTURE_AUTORELEASING = YES;
				CLANG_WARN_BOOL_CONVERSION = YES;
				CLANG_WARN_COMMA = YES;
				CLANG_WARN_CONSTANT_CONVERSION = YES;
				CLANG_WARN_DEPRECATED_OBJC_IMPLEMENTATIONS = YES;
				CLANG_WARN_DIRECT_OBJC_ISA_USAGE = YES_ERROR;
				CLANG_WARN_DOCUMENTATION_COMMENTS = YES;
				CLANG_WARN_EMPTY_BODY = YES;
				CLANG_WARN_ENUM_CONVERSION = YES;
				CLANG_WARN_INFINITE_RECURSION = YES;
				CLANG_WARN_INT_CONVERSION = YES;
				CLANG_WARN_NON_LITERAL_NULL_CONVERSION = YES;
				CLANG_WARN_OBJC_IMPLICIT_RETAIN_SELF = YES;
				CLANG_WARN_OBJC_LITERAL_CONVERSION = YES;
				CLANG_WARN_OBJC_ROOT_CLASS = YES_ERROR;
				CLANG_WARN_QUOTED_INCLUDE_IN_FRAMEWORK_HEADER = YES;
				CLANG_WARN_RANGE_LOOP_ANALYSIS = YES;
				CLANG_WARN_STRICT_PROTOTYPES = YES;
				CLANG_WARN_SUSPICIOUS_MOVE = YES;
				CLANG_WARN_UNGUARDED_AVAILABILITY = YES_AGGRESSIVE;
				CLANG_WARN_UNREACHABLE_CODE = YES;
				CLANG_WARN__DUPLICATE_METHOD_MATCH = YES;
				COPY_PHASE_STRIP = NO;
				DEBUG_INFORMATION_FORMAT = dwarf;
				ENABLE_STRICT_OBJC_MSGSEND = YES;
				ENABLE_TESTABILITY = YES;
				GCC_C_LANGUAGE_STANDARD = gnu11;
				GCC_DYNAMIC_NO_PIC = NO;
				GCC_NO_COMMON_BLOCKS = YES;
				GCC_OPTIMIZATION_LEVEL = 0;
				GCC_PREPROCESSOR_DEFINITIONS = (
					"DEBUG=1",
					"$(inherited)",
				);
				GCC_WARN_64_TO_32_BIT_CONVERSION = YES;
				GCC_WARN_ABOUT_RETURN_TYPE = YES_ERROR;
				GCC_WARN_UNDECLARED_SELECTOR = YES;
				GCC_WARN_UNINITIALIZED_AUTOS = YES_AGGRESSIVE;
				GCC_WARN_UNUSED_FUNCTION = YES;
				GCC_WARN_UNUSED_VARIABLE = YES;
				IPHONEOS_DEPLOYMENT_TARGET = 11.4;
				MTL_ENABLE_DEBUG_INFO = INCLUDE_SOURCE;
				MTL_FAST_MATH = YES;
				ONLY_ACTIVE_ARCH = YES;
				SDKROOT = iphoneos;
			};
			name = Debug;
		};
		96740A0227C1F0520047AF24 /* Release */ = {
			isa = XCBuildConfiguration;
			buildSettings = {
				ALWAYS_SEARCH_USER_PATHS = NO;
				CLANG_ANALYZER_NONNULL = YES;
				CLANG_ANALYZER_NUMBER_OBJECT_CONVERSION = YES_AGGRESSIVE;
				CLANG_CXX_LANGUAGE_STANDARD = "gnu++17";
				CLANG_CXX_LIBRARY = "libc++";
				CLANG_ENABLE_MODULES = YES;
				CLANG_ENABLE_OBJC_ARC = YES;
				CLANG_ENABLE_OBJC_WEAK = YES;
				CLANG_WARN_BLOCK_CAPTURE_AUTORELEASING = YES;
				CLANG_WARN_BOOL_CONVERSION = YES;
				CLANG_WARN_COMMA = YES;
				CLANG_WARN_CONSTANT_CONVERSION = YES;
				CLANG_WARN_DEPRECATED_OBJC_IMPLEMENTATIONS = YES;
				CLANG_WARN_DIRECT_OBJC_ISA_USAGE = YES_ERROR;
				CLANG_WARN_DOCUMENTATION_COMMENTS = YES;
				CLANG_WARN_EMPTY_BODY = YES;
				CLANG_WARN_ENUM_CONVERSION = YES;
				CLANG_WARN_INFINITE_RECURSION = YES;
				CLANG_WARN_INT_CONVERSION = YES;
				CLANG_WARN_NON_LITERAL_NULL_CONVERSION = YES;
				CLANG_WARN_OBJC_IMPLICIT_RETAIN_SELF = YES;
				CLANG_WARN_OBJC_LITERAL_CONVERSION = YES;
				CLANG_WARN_OBJC_ROOT_CLASS = YES_ERROR;
				CLANG_WARN_QUOTED_INCLUDE_IN_FRAMEWORK_HEADER = YES;
				CLANG_WARN_RANGE_LOOP_ANALYSIS = YES;
				CLANG_WARN_STRICT_PROTOTYPES = YES;
				CLANG_WARN_SUSPICIOUS_MOVE = YES;
				CLANG_WARN_UNGUARDED_AVAILABILITY = YES_AGGRESSIVE;
				CLANG_WARN_UNREACHABLE_CODE = YES;
				CLANG_WARN__DUPLICATE_METHOD_MATCH = YES;
				COPY_PHASE_STRIP = NO;
				DEBUG_INFORMATION_FORMAT = "dwarf-with-dsym";
				ENABLE_NS_ASSERTIONS = NO;
				ENABLE_STRICT_OBJC_MSGSEND = YES;
				GCC_C_LANGUAGE_STANDARD = gnu11;
				GCC_NO_COMMON_BLOCKS = YES;
				GCC_WARN_64_TO_32_BIT_CONVERSION = YES;
				GCC_WARN_ABOUT_RETURN_TYPE = YES_ERROR;
				GCC_WARN_UNDECLARED_SELECTOR = YES;
				GCC_WARN_UNINITIALIZED_AUTOS = YES_AGGRESSIVE;
				GCC_WARN_UNUSED_FUNCTION = YES;
				GCC_WARN_UNUSED_VARIABLE = YES;
				IPHONEOS_DEPLOYMENT_TARGET = 11.4;
				MTL_ENABLE_DEBUG_INFO = NO;
				MTL_FAST_MATH = YES;
				SDKROOT = iphoneos;
				VALIDATE_PRODUCT = YES;
			};
			name = Release;
		};
		96740A0427C1F0520047AF24 /* Debug */ = {
			isa = XCBuildConfiguration;
			buildSettings = {
				CODE_SIGN_STYLE = Automatic;
				OTHER_LDFLAGS = "-ObjC";
				PRODUCT_NAME = "$(TARGET_NAME)";
				SKIP_INSTALL = YES;
				TARGETED_DEVICE_FAMILY = "1,2";
			};
			name = Debug;
		};
		96740A0527C1F0520047AF24 /* Release */ = {
			isa = XCBuildConfiguration;
			buildSettings = {
				CODE_SIGN_STYLE = Automatic;
				OTHER_LDFLAGS = "-ObjC";
				PRODUCT_NAME = "$(TARGET_NAME)";
				SKIP_INSTALL = YES;
				TARGETED_DEVICE_FAMILY = "1,2";
			};
			name = Release;
		};
/* End XCBuildConfiguration section */

/* Begin XCConfigurationList section */
		967409F527C1F0520047AF24 /* Build configuration list for PBXProject "libVisualEffect" */ = {
			isa = XCConfigurationList;
			buildConfigurations = (
				96740A0127C1F0520047AF24 /* Debug */,
				96740A0227C1F0520047AF24 /* Release */,
			);
			defaultConfigurationIsVisible = 0;
			defaultConfigurationName = Release;
		};
		96740A0327C1F0520047AF24 /* Build configuration list for PBXNativeTarget "libVisualEffect" */ = {
			isa = XCConfigurationList;
			buildConfigurations = (
				96740A0427C1F0520047AF24 /* Debug */,
				96740A0527C1F0520047AF24 /* Release */,
			);
			defaultConfigurationIsVisible = 0;
			defaultConfigurationName = Release;
		};
/* End XCConfigurationList section */
	};
	rootObject = 967409F227C1F0520047AF24 /* Project object */;
}
