// !$*UTF8*$!
{
	archiveVersion = 1;
	classes = {
	};
	objectVersion = 55;
	objects = {

/* Begin PBXBuildFile section */
		967409C527C1EFDA0047AF24 /* AppDelegate.m in Sources */ = {isa = PBXBuildFile; fileRef = 967409C427C1EFDA0047AF24 /* AppDelegate.m */; };
		967409C827C1EFDA0047AF24 /* SceneDelegate.m in Sources */ = {isa = PBXBuildFile; fileRef = 967409C727C1EFDA0047AF24 /* SceneDelegate.m */; };
		967409CB27C1EFDA0047AF24 /* ViewController.m in Sources */ = {isa = PBXBuildFile; fileRef = 967409CA27C1EFDA0047AF24 /* ViewController.m */; };
		967409CE27C1EFDA0047AF24 /* Main.storyboard in Resources */ = {isa = PBXBuildFile; fileRef = 967409CC27C1EFDA0047AF24 /* Main.storyboard */; };
		967409D027C1EFDB0047AF24 /* Assets.xcassets in Resources */ = {isa = PBXBuildFile; fileRef = 967409CF27C1EFDB0047AF24 /* Assets.xcassets */; };
		967409D327C1EFDB0047AF24 /* LaunchScreen.storyboard in Resources */ = {isa = PBXBuildFile; fileRef = 967409D127C1EFDB0047AF24 /* LaunchScreen.storyboard */; };
		967409D627C1EFDB0047AF24 /* main.m in Sources */ = {isa = PBXBuildFile; fileRef = 967409D527C1EFDB0047AF24 /* main.m */; };
		96740A0827C1F0B30047AF24 /* liblibVisualEffect.a in Frameworks */ = {isa = PBXBuildFile; fileRef = 96740A0727C1F0B30047AF24 /* liblibVisualEffect.a */; };
		96740ADC27C1F3950047AF24 /* rgba8_1125x1125.rgba in Resources */ = {isa = PBXBuildFile; fileRef = 96740AD727C1F3950047AF24 /* rgba8_1125x1125.rgba */; };
		96740ADD27C1F3950047AF24 /* CGDrawController.m in Sources */ = {isa = PBXBuildFile; fileRef = 96740AD927C1F3950047AF24 /* CGDrawController.m */; };
		96740ADE27C1F3950047AF24 /* CGDrawAgent.mm in Sources */ = {isa = PBXBuildFile; fileRef = 96740ADA27C1F3950047AF24 /* CGDrawAgent.mm */; };
		967C6E7927C526E700F83E6F /* CGPixelPipelineOutput.m in Sources */ = {isa = PBXBuildFile; fileRef = 967C6E3127C526E700F83E6F /* CGPixelPipelineOutput.m */; };
		967C6E7A27C526E700F83E6F /* CGPixelRenderPipeline.m in Sources */ = {isa = PBXBuildFile; fileRef = 967C6E3227C526E700F83E6F /* CGPixelRenderPipeline.m */; };
		967C6E7B27C526E700F83E6F /* CGPixelUtils.m in Sources */ = {isa = PBXBuildFile; fileRef = 967C6E3427C526E700F83E6F /* CGPixelUtils.m */; };
		967C6E7C27C526E700F83E6F /* CGPixelFramebufferCache.m in Sources */ = {isa = PBXBuildFile; fileRef = 967C6E3627C526E700F83E6F /* CGPixelFramebufferCache.m */; };
		967C6E7D27C526E700F83E6F /* CGPixelFramebuffer.m in Sources */ = {isa = PBXBuildFile; fileRef = 967C6E3827C526E700F83E6F /* CGPixelFramebuffer.m */; };
		967C6E7E27C526E700F83E6F /* CGPixelContext.m in Sources */ = {isa = PBXBuildFile; fileRef = 967C6E3A27C526E700F83E6F /* CGPixelContext.m */; };
		967C6E7F27C526E700F83E6F /* CGPixelOutput.m in Sources */ = {isa = PBXBuildFile; fileRef = 967C6E3F27C526E700F83E6F /* CGPixelOutput.m */; };
		967C6E8027C526E700F83E6F /* CGPixelProgram.m in Sources */ = {isa = PBXBuildFile; fileRef = 967C6E4027C526E700F83E6F /* CGPixelProgram.m */; };
		967C6E8127C526E700F83E6F /* CGPixelPixelBufferInput.m in Sources */ = {isa = PBXBuildFile; fileRef = 967C6E4427C526E700F83E6F /* CGPixelPixelBufferInput.m */; };
		967C6E8227C526E700F83E6F /* CGPixelTextureInput.m in Sources */ = {isa = PBXBuildFile; fileRef = 967C6E4527C526E700F83E6F /* CGPixelTextureInput.m */; };
		967C6E8327C526E700F83E6F /* CGPixelImageInput.m in Sources */ = {isa = PBXBuildFile; fileRef = 967C6E4827C526E700F83E6F /* CGPixelImageInput.m */; };
		967C6E8427C526E700F83E6F /* CGPixelVideoInput.m in Sources */ = {isa = PBXBuildFile; fileRef = 967C6E4927C526E700F83E6F /* CGPixelVideoInput.m */; };
		967C6E8527C526E700F83E6F /* CGPixelCameraInput.m in Sources */ = {isa = PBXBuildFile; fileRef = 967C6E4C27C526E700F83E6F /* CGPixelCameraInput.m */; };
		967C6E8627C526E700F83E6F /* CGPixelRawDataInput.m in Sources */ = {isa = PBXBuildFile; fileRef = 967C6E4D27C526E700F83E6F /* CGPixelRawDataInput.m */; };
		967C6E8727C526E700F83E6F /* CGPixelImageOutput.m in Sources */ = {isa = PBXBuildFile; fileRef = 967C6E5127C526E700F83E6F /* CGPixelImageOutput.m */; };
		967C6E8827C526E700F83E6F /* CGPixelPixelbufferOutput.m in Sources */ = {isa = PBXBuildFile; fileRef = 967C6E5427C526E700F83E6F /* CGPixelPixelbufferOutput.m */; };
		967C6E8927C526E700F83E6F /* CGPixelTargetOutput.m in Sources */ = {isa = PBXBuildFile; fileRef = 967C6E5527C526E700F83E6F /* CGPixelTargetOutput.m */; };
		967C6E8A27C526E700F83E6F /* CGPixelViewOutput.m in Sources */ = {isa = PBXBuildFile; fileRef = 967C6E5627C526E700F83E6F /* CGPixelViewOutput.m */; };
		967C6E8B27C526E700F83E6F /* CGPixelTextureOutput.m in Sources */ = {isa = PBXBuildFile; fileRef = 967C6E5727C526E700F83E6F /* CGPixelTextureOutput.m */; };
		967C6E8C27C526E700F83E6F /* CGPixelRawDataOutput.m in Sources */ = {isa = PBXBuildFile; fileRef = 967C6E5B27C526E700F83E6F /* CGPixelRawDataOutput.m */; };
		967C6E8D27C526E700F83E6F /* CGPixelVortexFilter.m in Sources */ = {isa = PBXBuildFile; fileRef = 967C6E5F27C526E700F83E6F /* CGPixelVortexFilter.m */; };
		967C6E8E27C526E700F83E6F /* CGPixelFilter.m in Sources */ = {isa = PBXBuildFile; fileRef = 967C6E6027C526E700F83E6F /* CGPixelFilter.m */; };
		967C6E8F27C526E700F83E6F /* CGPixelVortexFilter.fsh in Resources */ = {isa = PBXBuildFile; fileRef = 967C6E6127C526E700F83E6F /* CGPixelVortexFilter.fsh */; };
		967C6E9027C526E700F83E6F /* CGPixelRadialScaleBlurFilter.m in Sources */ = {isa = PBXBuildFile; fileRef = 967C6E6427C526E700F83E6F /* CGPixelRadialScaleBlurFilter.m */; };
		967C6E9127C526E700F83E6F /* CGPixelGrayFilter.fsh in Resources */ = {isa = PBXBuildFile; fileRef = 967C6E6527C526E700F83E6F /* CGPixelGrayFilter.fsh */; };
		967C6E9227C526E700F83E6F /* CGPixelGlitchFilter.m in Sources */ = {isa = PBXBuildFile; fileRef = 967C6E6727C526E700F83E6F /* CGPixelGlitchFilter.m */; };
		967C6E9327C526E700F83E6F /* CGPixelRadialFastBlurFilter.fsh in Resources */ = {isa = PBXBuildFile; fileRef = 967C6E6927C526E700F83E6F /* CGPixelRadialFastBlurFilter.fsh */; };
		967C6E9427C526E700F83E6F /* CGPixelSoulFilter.m in Sources */ = {isa = PBXBuildFile; fileRef = 967C6E6A27C526E700F83E6F /* CGPixelSoulFilter.m */; };
		967C6E9527C526E700F83E6F /* CGPixelRadialRotateBlurFilter.fsh in Resources */ = {isa = PBXBuildFile; fileRef = 967C6E6B27C526E700F83E6F /* CGPixelRadialRotateBlurFilter.fsh */; };
		967C6E9627C526E700F83E6F /* CGPixelGlitchFilter.fsh in Resources */ = {isa = PBXBuildFile; fileRef = 967C6E6C27C526E700F83E6F /* CGPixelGlitchFilter.fsh */; };
		967C6E9727C526E700F83E6F /* CGPixelRadialScaleBlurFilter.fsh in Resources */ = {isa = PBXBuildFile; fileRef = 967C6E6D27C526E700F83E6F /* CGPixelRadialScaleBlurFilter.fsh */; };
		967C6E9827C526E700F83E6F /* CGPixelRadialRotateBlurFilter.m in Sources */ = {isa = PBXBuildFile; fileRef = 967C6E6E27C526E700F83E6F /* CGPixelRadialRotateBlurFilter.m */; };
		967C6E9927C526E700F83E6F /* CGPixelSoulFilter.fsh in Resources */ = {isa = PBXBuildFile; fileRef = 967C6E7027C526E700F83E6F /* CGPixelSoulFilter.fsh */; };
		967C6E9A27C526E700F83E6F /* CGPixelGrayFilter.m in Sources */ = {isa = PBXBuildFile; fileRef = 967C6E7227C526E700F83E6F /* CGPixelGrayFilter.m */; };
		967C6E9B27C526E700F83E6F /* CGPixelShakeFilter.m in Sources */ = {isa = PBXBuildFile; fileRef = 967C6E7527C526E700F83E6F /* CGPixelShakeFilter.m */; };
		967C6E9C27C526E700F83E6F /* CGPixelShakeFilter.fsh in Resources */ = {isa = PBXBuildFile; fileRef = 967C6E7627C526E700F83E6F /* CGPixelShakeFilter.fsh */; };
		967C6E9D27C526E700F83E6F /* CGPixelRadialFastBlurFilter.m in Sources */ = {isa = PBXBuildFile; fileRef = 967C6E7827C526E700F83E6F /* CGPixelRadialFastBlurFilter.m */; };
/* End PBXBuildFile section */

/* Begin PBXFileReference section */
		967409C027C1EFDA0047AF24 /* VisualEffect.app */ = {isa = PBXFileReference; explicitFileType = wrapper.application; includeInIndex = 0; path = VisualEffect.app; sourceTree = BUILT_PRODUCTS_DIR; };
		967409C327C1EFDA0047AF24 /* AppDelegate.h */ = {isa = PBXFileReference; lastKnownFileType = sourcecode.c.h; path = AppDelegate.h; sourceTree = "<group>"; };
		967409C427C1EFDA0047AF24 /* AppDelegate.m */ = {isa = PBXFileReference; lastKnownFileType = sourcecode.c.objc; path = AppDelegate.m; sourceTree = "<group>"; };
		967409C627C1EFDA0047AF24 /* SceneDelegate.h */ = {isa = PBXFileReference; lastKnownFileType = sourcecode.c.h; path = SceneDelegate.h; sourceTree = "<group>"; };
		967409C727C1EFDA0047AF24 /* SceneDelegate.m */ = {isa = PBXFileReference; lastKnownFileType = sourcecode.c.objc; path = SceneDelegate.m; sourceTree = "<group>"; };
		967409C927C1EFDA0047AF24 /* ViewController.h */ = {isa = PBXFileReference; lastKnownFileType = sourcecode.c.h; path = ViewController.h; sourceTree = "<group>"; };
		967409CA27C1EFDA0047AF24 /* ViewController.m */ = {isa = PBXFileReference; lastKnownFileType = sourcecode.c.objc; path = ViewController.m; sourceTree = "<group>"; };
		967409CD27C1EFDA0047AF24 /* Base */ = {isa = PBXFileReference; lastKnownFileType = file.storyboard; name = Base; path = Base.lproj/Main.storyboard; sourceTree = "<group>"; };
		967409CF27C1EFDB0047AF24 /* Assets.xcassets */ = {isa = PBXFileReference; lastKnownFileType = folder.assetcatalog; path = Assets.xcassets; sourceTree = "<group>"; };
		967409D227C1EFDB0047AF24 /* Base */ = {isa = PBXFileReference; lastKnownFileType = file.storyboard; name = Base; path = Base.lproj/LaunchScreen.storyboard; sourceTree = "<group>"; };
		967409D427C1EFDB0047AF24 /* Info.plist */ = {isa = PBXFileReference; lastKnownFileType = text.plist.xml; path = Info.plist; sourceTree = "<group>"; };
		967409D527C1EFDB0047AF24 /* main.m */ = {isa = PBXFileReference; lastKnownFileType = sourcecode.c.objc; path = main.m; sourceTree = "<group>"; };
		96740A0727C1F0B30047AF24 /* liblibVisualEffect.a */ = {isa = PBXFileReference; explicitFileType = archive.ar; path = liblibVisualEffect.a; sourceTree = BUILT_PRODUCTS_DIR; };
		96740AD727C1F3950047AF24 /* rgba8_1125x1125.rgba */ = {isa = PBXFileReference; fileEncoding = 4; lastKnownFileType = text; path = rgba8_1125x1125.rgba; sourceTree = "<group>"; };
		96740AD827C1F3950047AF24 /* CGDrawAgent.h */ = {isa = PBXFileReference; fileEncoding = 4; lastKnownFileType = sourcecode.c.h; path = CGDrawAgent.h; sourceTree = "<group>"; };
		96740AD927C1F3950047AF24 /* CGDrawController.m */ = {isa = PBXFileReference; fileEncoding = 4; lastKnownFileType = sourcecode.c.objc; path = CGDrawController.m; sourceTree = "<group>"; };
		96740ADA27C1F3950047AF24 /* CGDrawAgent.mm */ = {isa = PBXFileReference; fileEncoding = 4; lastKnownFileType = sourcecode.cpp.objcpp; path = CGDrawAgent.mm; sourceTree = "<group>"; };
		96740ADB27C1F3950047AF24 /* CGDrawController.h */ = {isa = PBXFileReference; fileEncoding = 4; lastKnownFileType = sourcecode.c.h; path = CGDrawController.h; sourceTree = "<group>"; };
		9674124F27C2888A0047AF24 /* VeRenderManager.h */ = {isa = PBXFileReference; fileEncoding = 4; lastKnownFileType = sourcecode.c.h; path = VeRenderManager.h; sourceTree = "<group>"; };
		967C6E2E27C526E700F83E6F /* CGPixel.h */ = {isa = PBXFileReference; fileEncoding = 4; lastKnownFileType = sourcecode.c.h; path = CGPixel.h; sourceTree = "<group>"; };
		967C6E3027C526E700F83E6F /* CGPixelRenderPipeline.h */ = {isa = PBXFileReference; fileEncoding = 4; lastKnownFileType = sourcecode.c.h; path = CGPixelRenderPipeline.h; sourceTree = "<group>"; };
		967C6E3127C526E700F83E6F /* CGPixelPipelineOutput.m */ = {isa = PBXFileReference; fileEncoding = 4; lastKnownFileType = sourcecode.c.objc; path = CGPixelPipelineOutput.m; sourceTree = "<group>"; };
		967C6E3227C526E700F83E6F /* CGPixelRenderPipeline.m */ = {isa = PBXFileReference; fileEncoding = 4; lastKnownFileType = sourcecode.c.objc; path = CGPixelRenderPipeline.m; sourceTree = "<group>"; };
		967C6E3327C526E700F83E6F /* CGPixelPipelineOutput.h */ = {isa = PBXFileReference; fileEncoding = 4; lastKnownFileType = sourcecode.c.h; path = CGPixelPipelineOutput.h; sourceTree = "<group>"; };
		967C6E3427C526E700F83E6F /* CGPixelUtils.m */ = {isa = PBXFileReference; fileEncoding = 4; lastKnownFileType = sourcecode.c.objc; path = CGPixelUtils.m; sourceTree = "<group>"; };
		967C6E3627C526E700F83E6F /* CGPixelFramebufferCache.m */ = {isa = PBXFileReference; fileEncoding = 4; lastKnownFileType = sourcecode.c.objc; path = CGPixelFramebufferCache.m; sourceTree = "<group>"; };
		967C6E3727C526E700F83E6F /* CGPixelOutput.h */ = {isa = PBXFileReference; fileEncoding = 4; lastKnownFileType = sourcecode.c.h; path = CGPixelOutput.h; sourceTree = "<group>"; };
		967C6E3827C526E700F83E6F /* CGPixelFramebuffer.m */ = {isa = PBXFileReference; fileEncoding = 4; lastKnownFileType = sourcecode.c.objc; path = CGPixelFramebuffer.m; sourceTree = "<group>"; };
		967C6E3927C526E700F83E6F /* CGPixelFilterInput.h */ = {isa = PBXFileReference; fileEncoding = 4; lastKnownFileType = sourcecode.c.h; path = CGPixelFilterInput.h; sourceTree = "<group>"; };
		967C6E3A27C526E700F83E6F /* CGPixelContext.m */ = {isa = PBXFileReference; fileEncoding = 4; lastKnownFileType = sourcecode.c.objc; path = CGPixelContext.m; sourceTree = "<group>"; };
		967C6E3B27C526E700F83E6F /* CGPixelProgram.h */ = {isa = PBXFileReference; fileEncoding = 4; lastKnownFileType = sourcecode.c.h; path = CGPixelProgram.h; sourceTree = "<group>"; };
		967C6E3C27C526E700F83E6F /* CGPixelInput.h */ = {isa = PBXFileReference; fileEncoding = 4; lastKnownFileType = sourcecode.c.h; path = CGPixelInput.h; sourceTree = "<group>"; };
		967C6E3D27C526E700F83E6F /* CGPixelFramebufferCache.h */ = {isa = PBXFileReference; fileEncoding = 4; lastKnownFileType = sourcecode.c.h; path = CGPixelFramebufferCache.h; sourceTree = "<group>"; };
		967C6E3E27C526E700F83E6F /* CGPixelFramebuffer.h */ = {isa = PBXFileReference; fileEncoding = 4; lastKnownFileType = sourcecode.c.h; path = CGPixelFramebuffer.h; sourceTree = "<group>"; };
		967C6E3F27C526E700F83E6F /* CGPixelOutput.m */ = {isa = PBXFileReference; fileEncoding = 4; lastKnownFileType = sourcecode.c.objc; path = CGPixelOutput.m; sourceTree = "<group>"; };
		967C6E4027C526E700F83E6F /* CGPixelProgram.m */ = {isa = PBXFileReference; fileEncoding = 4; lastKnownFileType = sourcecode.c.objc; path = CGPixelProgram.m; sourceTree = "<group>"; };
		967C6E4127C526E700F83E6F /* CGPixelContext.h */ = {isa = PBXFileReference; fileEncoding = 4; lastKnownFileType = sourcecode.c.h; path = CGPixelContext.h; sourceTree = "<group>"; };
		967C6E4327C526E700F83E6F /* CGPixelVideoInput.h */ = {isa = PBXFileReference; fileEncoding = 4; lastKnownFileType = sourcecode.c.h; path = CGPixelVideoInput.h; sourceTree = "<group>"; };
		967C6E4427C526E700F83E6F /* CGPixelPixelBufferInput.m */ = {isa = PBXFileReference; fileEncoding = 4; lastKnownFileType = sourcecode.c.objc; path = CGPixelPixelBufferInput.m; sourceTree = "<group>"; };
		967C6E4527C526E700F83E6F /* CGPixelTextureInput.m */ = {isa = PBXFileReference; fileEncoding = 4; lastKnownFileType = sourcecode.c.objc; path = CGPixelTextureInput.m; sourceTree = "<group>"; };
		967C6E4627C526E700F83E6F /* CGPixelRawDataInput.h */ = {isa = PBXFileReference; fileEncoding = 4; lastKnownFileType = sourcecode.c.h; path = CGPixelRawDataInput.h; sourceTree = "<group>"; };
		967C6E4727C526E700F83E6F /* CGPixelCameraInput.h */ = {isa = PBXFileReference; fileEncoding = 4; lastKnownFileType = sourcecode.c.h; path = CGPixelCameraInput.h; sourceTree = "<group>"; };
		967C6E4827C526E700F83E6F /* CGPixelImageInput.m */ = {isa = PBXFileReference; fileEncoding = 4; lastKnownFileType = sourcecode.c.objc; path = CGPixelImageInput.m; sourceTree = "<group>"; };
		967C6E4927C526E700F83E6F /* CGPixelVideoInput.m */ = {isa = PBXFileReference; fileEncoding = 4; lastKnownFileType = sourcecode.c.objc; path = CGPixelVideoInput.m; sourceTree = "<group>"; };
		967C6E4A27C526E700F83E6F /* CGPixelTextureInput.h */ = {isa = PBXFileReference; fileEncoding = 4; lastKnownFileType = sourcecode.c.h; path = CGPixelTextureInput.h; sourceTree = "<group>"; };
		967C6E4B27C526E700F83E6F /* CGPixelPixelBufferInput.h */ = {isa = PBXFileReference; fileEncoding = 4; lastKnownFileType = sourcecode.c.h; path = CGPixelPixelBufferInput.h; sourceTree = "<group>"; };
		967C6E4C27C526E700F83E6F /* CGPixelCameraInput.m */ = {isa = PBXFileReference; fileEncoding = 4; lastKnownFileType = sourcecode.c.objc; path = CGPixelCameraInput.m; sourceTree = "<group>"; };
		967C6E4D27C526E700F83E6F /* CGPixelRawDataInput.m */ = {isa = PBXFileReference; fileEncoding = 4; lastKnownFileType = sourcecode.c.objc; path = CGPixelRawDataInput.m; sourceTree = "<group>"; };
		967C6E4E27C526E700F83E6F /* CGPixelImageInput.h */ = {isa = PBXFileReference; fileEncoding = 4; lastKnownFileType = sourcecode.c.h; path = CGPixelImageInput.h; sourceTree = "<group>"; };
		967C6E5027C526E700F83E6F /* CGPixelViewOutput.h */ = {isa = PBXFileReference; fileEncoding = 4; lastKnownFileType = sourcecode.c.h; path = CGPixelViewOutput.h; sourceTree = "<group>"; };
		967C6E5127C526E700F83E6F /* CGPixelImageOutput.m */ = {isa = PBXFileReference; fileEncoding = 4; lastKnownFileType = sourcecode.c.objc; path = CGPixelImageOutput.m; sourceTree = "<group>"; };
		967C6E5227C526E700F83E6F /* CGPixelTextureOutput.h */ = {isa = PBXFileReference; fileEncoding = 4; lastKnownFileType = sourcecode.c.h; path = CGPixelTextureOutput.h; sourceTree = "<group>"; };
		967C6E5327C526E700F83E6F /* CGPixelRawDataOutput.h */ = {isa = PBXFileReference; fileEncoding = 4; lastKnownFileType = sourcecode.c.h; path = CGPixelRawDataOutput.h; sourceTree = "<group>"; };
		967C6E5427C526E700F83E6F /* CGPixelPixelbufferOutput.m */ = {isa = PBXFileReference; fileEncoding = 4; lastKnownFileType = sourcecode.c.objc; path = CGPixelPixelbufferOutput.m; sourceTree = "<group>"; };
		967C6E5527C526E700F83E6F /* CGPixelTargetOutput.m */ = {isa = PBXFileReference; fileEncoding = 4; lastKnownFileType = sourcecode.c.objc; path = CGPixelTargetOutput.m; sourceTree = "<group>"; };
		967C6E5627C526E700F83E6F /* CGPixelViewOutput.m */ = {isa = PBXFileReference; fileEncoding = 4; lastKnownFileType = sourcecode.c.objc; path = CGPixelViewOutput.m; sourceTree = "<group>"; };
		967C6E5727C526E700F83E6F /* CGPixelTextureOutput.m */ = {isa = PBXFileReference; fileEncoding = 4; lastKnownFileType = sourcecode.c.objc; path = CGPixelTextureOutput.m; sourceTree = "<group>"; };
		967C6E5827C526E700F83E6F /* CGPixelImageOutput.h */ = {isa = PBXFileReference; fileEncoding = 4; lastKnownFileType = sourcecode.c.h; path = CGPixelImageOutput.h; sourceTree = "<group>"; };
		967C6E5927C526E700F83E6F /* CGPixelTargetOutput.h */ = {isa = PBXFileReference; fileEncoding = 4; lastKnownFileType = sourcecode.c.h; path = CGPixelTargetOutput.h; sourceTree = "<group>"; };
		967C6E5A27C526E700F83E6F /* CGPixelPixelbufferOutput.h */ = {isa = PBXFileReference; fileEncoding = 4; lastKnownFileType = sourcecode.c.h; path = CGPixelPixelbufferOutput.h; sourceTree = "<group>"; };
		967C6E5B27C526E700F83E6F /* CGPixelRawDataOutput.m */ = {isa = PBXFileReference; fileEncoding = 4; lastKnownFileType = sourcecode.c.objc; path = CGPixelRawDataOutput.m; sourceTree = "<group>"; };
		967C6E5C27C526E700F83E6F /* CGPixelDefine.h */ = {isa = PBXFileReference; fileEncoding = 4; lastKnownFileType = sourcecode.c.h; path = CGPixelDefine.h; sourceTree = "<group>"; };
		967C6E5D27C526E700F83E6F /* CGPixelUtils.h */ = {isa = PBXFileReference; fileEncoding = 4; lastKnownFileType = sourcecode.c.h; path = CGPixelUtils.h; sourceTree = "<group>"; };
		967C6E5F27C526E700F83E6F /* CGPixelVortexFilter.m */ = {isa = PBXFileReference; fileEncoding = 4; lastKnownFileType = sourcecode.c.objc; path = CGPixelVortexFilter.m; sourceTree = "<group>"; };
		967C6E6027C526E700F83E6F /* CGPixelFilter.m */ = {isa = PBXFileReference; fileEncoding = 4; lastKnownFileType = sourcecode.c.objc; path = CGPixelFilter.m; sourceTree = "<group>"; };
		967C6E6127C526E700F83E6F /* CGPixelVortexFilter.fsh */ = {isa = PBXFileReference; fileEncoding = 4; lastKnownFileType = sourcecode.glsl; path = CGPixelVortexFilter.fsh; sourceTree = "<group>"; };
		967C6E6227C526E700F83E6F /* CGPixelRadialRotateBlurFilter.h */ = {isa = PBXFileReference; fileEncoding = 4; lastKnownFileType = sourcecode.c.h; path = CGPixelRadialRotateBlurFilter.h; sourceTree = "<group>"; };
		967C6E6327C526E700F83E6F /* CGPixelShakeFilter.h */ = {isa = PBXFileReference; fileEncoding = 4; lastKnownFileType = sourcecode.c.h; path = CGPixelShakeFilter.h; sourceTree = "<group>"; };
		967C6E6427C526E700F83E6F /* CGPixelRadialScaleBlurFilter.m */ = {isa = PBXFileReference; fileEncoding = 4; lastKnownFileType = sourcecode.c.objc; path = CGPixelRadialScaleBlurFilter.m; sourceTree = "<group>"; };
		967C6E6527C526E700F83E6F /* CGPixelGrayFilter.fsh */ = {isa = PBXFileReference; fileEncoding = 4; lastKnownFileType = sourcecode.glsl; path = CGPixelGrayFilter.fsh; sourceTree = "<group>"; };
		967C6E6627C526E700F83E6F /* CGPixelGrayFilter.h */ = {isa = PBXFileReference; fileEncoding = 4; lastKnownFileType = sourcecode.c.h; path = CGPixelGrayFilter.h; sourceTree = "<group>"; };
		967C6E6727C526E700F83E6F /* CGPixelGlitchFilter.m */ = {isa = PBXFileReference; fileEncoding = 4; lastKnownFileType = sourcecode.c.objc; path = CGPixelGlitchFilter.m; sourceTree = "<group>"; };
		967C6E6827C526E700F83E6F /* CGPixelRadialFastBlurFilter.h */ = {isa = PBXFileReference; fileEncoding = 4; lastKnownFileType = sourcecode.c.h; path = CGPixelRadialFastBlurFilter.h; sourceTree = "<group>"; };
		967C6E6927C526E700F83E6F /* CGPixelRadialFastBlurFilter.fsh */ = {isa = PBXFileReference; fileEncoding = 4; lastKnownFileType = sourcecode.glsl; path = CGPixelRadialFastBlurFilter.fsh; sourceTree = "<group>"; };
		967C6E6A27C526E700F83E6F /* CGPixelSoulFilter.m */ = {isa = PBXFileReference; fileEncoding = 4; lastKnownFileType = sourcecode.c.objc; path = CGPixelSoulFilter.m; sourceTree = "<group>"; };
		967C6E6B27C526E700F83E6F /* CGPixelRadialRotateBlurFilter.fsh */ = {isa = PBXFileReference; fileEncoding = 4; lastKnownFileType = sourcecode.glsl; path = CGPixelRadialRotateBlurFilter.fsh; sourceTree = "<group>"; };
		967C6E6C27C526E700F83E6F /* CGPixelGlitchFilter.fsh */ = {isa = PBXFileReference; fileEncoding = 4; lastKnownFileType = sourcecode.glsl; path = CGPixelGlitchFilter.fsh; sourceTree = "<group>"; };
		967C6E6D27C526E700F83E6F /* CGPixelRadialScaleBlurFilter.fsh */ = {isa = PBXFileReference; fileEncoding = 4; lastKnownFileType = sourcecode.glsl; path = CGPixelRadialScaleBlurFilter.fsh; sourceTree = "<group>"; };
		967C6E6E27C526E700F83E6F /* CGPixelRadialRotateBlurFilter.m */ = {isa = PBXFileReference; fileEncoding = 4; lastKnownFileType = sourcecode.c.objc; path = CGPixelRadialRotateBlurFilter.m; sourceTree = "<group>"; };
		967C6E6F27C526E700F83E6F /* CGPixelFilter.h */ = {isa = PBXFileReference; fileEncoding = 4; lastKnownFileType = sourcecode.c.h; path = CGPixelFilter.h; sourceTree = "<group>"; };
		967C6E7027C526E700F83E6F /* CGPixelSoulFilter.fsh */ = {isa = PBXFileReference; fileEncoding = 4; lastKnownFileType = sourcecode.glsl; path = CGPixelSoulFilter.fsh; sourceTree = "<group>"; };
		967C6E7127C526E700F83E6F /* CGPixelVortexFilter.h */ = {isa = PBXFileReference; fileEncoding = 4; lastKnownFileType = sourcecode.c.h; path = CGPixelVortexFilter.h; sourceTree = "<group>"; };
		967C6E7227C526E700F83E6F /* CGPixelGrayFilter.m */ = {isa = PBXFileReference; fileEncoding = 4; lastKnownFileType = sourcecode.c.objc; path = CGPixelGrayFilter.m; sourceTree = "<group>"; };
		967C6E7327C526E700F83E6F /* CGPixelGlitchFilter.h */ = {isa = PBXFileReference; fileEncoding = 4; lastKnownFileType = sourcecode.c.h; path = CGPixelGlitchFilter.h; sourceTree = "<group>"; };
		967C6E7427C526E700F83E6F /* CGPixelRadialScaleBlurFilter.h */ = {isa = PBXFileReference; fileEncoding = 4; lastKnownFileType = sourcecode.c.h; path = CGPixelRadialScaleBlurFilter.h; sourceTree = "<group>"; };
		967C6E7527C526E700F83E6F /* CGPixelShakeFilter.m */ = {isa = PBXFileReference; fileEncoding = 4; lastKnownFileType = sourcecode.c.objc; path = CGPixelShakeFilter.m; sourceTree = "<group>"; };
		967C6E7627C526E700F83E6F /* CGPixelShakeFilter.fsh */ = {isa = PBXFileReference; fileEncoding = 4; lastKnownFileType = sourcecode.glsl; path = CGPixelShakeFilter.fsh; sourceTree = "<group>"; };
		967C6E7727C526E700F83E6F /* CGPixelSoulFilter.h */ = {isa = PBXFileReference; fileEncoding = 4; lastKnownFileType = sourcecode.c.h; path = CGPixelSoulFilter.h; sourceTree = "<group>"; };
		967C6E7827C526E700F83E6F /* CGPixelRadialFastBlurFilter.m */ = {isa = PBXFileReference; fileEncoding = 4; lastKnownFileType = sourcecode.c.objc; path = CGPixelRadialFastBlurFilter.m; sourceTree = "<group>"; };
/* End PBXFileReference section */

/* Begin PBXFrameworksBuildPhase section */
		967409BD27C1EFDA0047AF24 /* Frameworks */ = {
			isa = PBXFrameworksBuildPhase;
			buildActionMask = 2147483647;
			files = (
				96740A0827C1F0B30047AF24 /* liblibVisualEffect.a in Frameworks */,
			);
			runOnlyForDeploymentPostprocessing = 0;
		};
/* End PBXFrameworksBuildPhase section */

/* Begin PBXGroup section */
		967409B727C1EFDA0047AF24 = {
			isa = PBXGroup;
			children = (
				967409C227C1EFDA0047AF24 /* VisualEffect */,
				967409C127C1EFDA0047AF24 /* Products */,
				96740A0627C1F0B30047AF24 /* Frameworks */,
			);
			sourceTree = "<group>";
		};
		967409C127C1EFDA0047AF24 /* Products */ = {
			isa = PBXGroup;
			children = (
				967409C027C1EFDA0047AF24 /* VisualEffect.app */,
			);
			name = Products;
			sourceTree = "<group>";
		};
		967409C227C1EFDA0047AF24 /* VisualEffect */ = {
			isa = PBXGroup;
			children = (
				967C6E2D27C526E700F83E6F /* render */,
				96740ADF27C1F4510047AF24 /* libVisualEffect */,
				96740AD627C1F3950047AF24 /* Example */,
				967409C327C1EFDA0047AF24 /* AppDelegate.h */,
				967409C427C1EFDA0047AF24 /* AppDelegate.m */,
				967409C627C1EFDA0047AF24 /* SceneDelegate.h */,
				967409C727C1EFDA0047AF24 /* SceneDelegate.m */,
				967409C927C1EFDA0047AF24 /* ViewController.h */,
				967409CA27C1EFDA0047AF24 /* ViewController.m */,
				967409CC27C1EFDA0047AF24 /* Main.storyboard */,
				967409CF27C1EFDB0047AF24 /* Assets.xcassets */,
				967409D127C1EFDB0047AF24 /* LaunchScreen.storyboard */,
				967409D427C1EFDB0047AF24 /* Info.plist */,
				967409D527C1EFDB0047AF24 /* main.m */,
			);
			path = VisualEffect;
			sourceTree = "<group>";
		};
		96740A0627C1F0B30047AF24 /* Frameworks */ = {
			isa = PBXGroup;
			children = (
				96740A0727C1F0B30047AF24 /* liblibVisualEffect.a */,
			);
			name = Frameworks;
			sourceTree = "<group>";
		};
		96740AD627C1F3950047AF24 /* Example */ = {
			isa = PBXGroup;
			children = (
				96740AD827C1F3950047AF24 /* CGDrawAgent.h */,
				96740ADA27C1F3950047AF24 /* CGDrawAgent.mm */,
				96740ADB27C1F3950047AF24 /* CGDrawController.h */,
				96740AD927C1F3950047AF24 /* CGDrawController.m */,
				96740AD727C1F3950047AF24 /* rgba8_1125x1125.rgba */,
			);
			path = Example;
			sourceTree = "<group>";
		};
		96740ADF27C1F4510047AF24 /* libVisualEffect */ = {
			isa = PBXGroup;
			children = (
				9674124F27C2888A0047AF24 /* VeRenderManager.h */,
			);
			path = libVisualEffect;
			sourceTree = "<group>";
		};
		967C6E2D27C526E700F83E6F /* render */ = {
			isa = PBXGroup;
			children = (
				967C6E2E27C526E700F83E6F /* CGPixel.h */,
				967C6E5C27C526E700F83E6F /* CGPixelDefine.h */,
				967C6E5D27C526E700F83E6F /* CGPixelUtils.h */,
				967C6E3427C526E700F83E6F /* CGPixelUtils.m */,
				967C6E3527C526E700F83E6F /* core */,
				967C6E5E27C526E700F83E6F /* filter */,
				967C6E4227C526E700F83E6F /* input */,
				967C6E4F27C526E700F83E6F /* output */,
				967C6E2F27C526E700F83E6F /* pipeline */,
			);
			path = render;
			sourceTree = "<group>";
		};
		967C6E2F27C526E700F83E6F /* pipeline */ = {
			isa = PBXGroup;
			children = (
				967C6E3027C526E700F83E6F /* CGPixelRenderPipeline.h */,
				967C6E3127C526E700F83E6F /* CGPixelPipelineOutput.m */,
				967C6E3227C526E700F83E6F /* CGPixelRenderPipeline.m */,
				967C6E3327C526E700F83E6F /* CGPixelPipelineOutput.h */,
			);
			path = pipeline;
			sourceTree = "<group>";
		};
		967C6E3527C526E700F83E6F /* core */ = {
			isa = PBXGroup;
			children = (
				967C6E4127C526E700F83E6F /* CGPixelContext.h */,
				967C6E3A27C526E700F83E6F /* CGPixelContext.m */,
				967C6E3927C526E700F83E6F /* CGPixelFilterInput.h */,
				967C6E3E27C526E700F83E6F /* CGPixelFramebuffer.h */,
				967C6E3827C526E700F83E6F /* CGPixelFramebuffer.m */,
				967C6E3D27C526E700F83E6F /* CGPixelFramebufferCache.h */,
				967C6E3627C526E700F83E6F /* CGPixelFramebufferCache.m */,
				967C6E3C27C526E700F83E6F /* CGPixelInput.h */,
				967C6E3727C526E700F83E6F /* CGPixelOutput.h */,
				967C6E3F27C526E700F83E6F /* CGPixelOutput.m */,
				967C6E3B27C526E700F83E6F /* CGPixelProgram.h */,
				967C6E4027C526E700F83E6F /* CGPixelProgram.m */,
			);
			path = core;
			sourceTree = "<group>";
		};
		967C6E4227C526E700F83E6F /* input */ = {
			isa = PBXGroup;
			children = (
				967C6E4327C526E700F83E6F /* CGPixelVideoInput.h */,
				967C6E4427C526E700F83E6F /* CGPixelPixelBufferInput.m */,
				967C6E4527C526E700F83E6F /* CGPixelTextureInput.m */,
				967C6E4627C526E700F83E6F /* CGPixelRawDataInput.h */,
				967C6E4727C526E700F83E6F /* CGPixelCameraInput.h */,
				967C6E4827C526E700F83E6F /* CGPixelImageInput.m */,
				967C6E4927C526E700F83E6F /* CGPixelVideoInput.m */,
				967C6E4A27C526E700F83E6F /* CGPixelTextureInput.h */,
				967C6E4B27C526E700F83E6F /* CGPixelPixelBufferInput.h */,
				967C6E4C27C526E700F83E6F /* CGPixelCameraInput.m */,
				967C6E4D27C526E700F83E6F /* CGPixelRawDataInput.m */,
				967C6E4E27C526E700F83E6F /* CGPixelImageInput.h */,
			);
			path = input;
			sourceTree = "<group>";
		};
		967C6E4F27C526E700F83E6F /* output */ = {
			isa = PBXGroup;
			children = (
				967C6E5027C526E700F83E6F /* CGPixelViewOutput.h */,
				967C6E5127C526E700F83E6F /* CGPixelImageOutput.m */,
				967C6E5227C526E700F83E6F /* CGPixelTextureOutput.h */,
				967C6E5327C526E700F83E6F /* CGPixelRawDataOutput.h */,
				967C6E5427C526E700F83E6F /* CGPixelPixelbufferOutput.m */,
				967C6E5527C526E700F83E6F /* CGPixelTargetOutput.m */,
				967C6E5627C526E700F83E6F /* CGPixelViewOutput.m */,
				967C6E5727C526E700F83E6F /* CGPixelTextureOutput.m */,
				967C6E5827C526E700F83E6F /* CGPixelImageOutput.h */,
				967C6E5927C526E700F83E6F /* CGPixelTargetOutput.h */,
				967C6E5A27C526E700F83E6F /* CGPixelPixelbufferOutput.h */,
				967C6E5B27C526E700F83E6F /* CGPixelRawDataOutput.m */,
			);
			path = output;
			sourceTree = "<group>";
		};
		967C6E5E27C526E700F83E6F /* filter */ = {
			isa = PBXGroup;
			children = (
				967C6E5F27C526E700F83E6F /* CGPixelVortexFilter.m */,
				967C6E6027C526E700F83E6F /* CGPixelFilter.m */,
				967C6E6127C526E700F83E6F /* CGPixelVortexFilter.fsh */,
				967C6E6227C526E700F83E6F /* CGPixelRadialRotateBlurFilter.h */,
				967C6E6327C526E700F83E6F /* CGPixelShakeFilter.h */,
				967C6E6427C526E700F83E6F /* CGPixelRadialScaleBlurFilter.m */,
				967C6E6527C526E700F83E6F /* CGPixelGrayFilter.fsh */,
				967C6E6627C526E700F83E6F /* CGPixelGrayFilter.h */,
				967C6E6727C526E700F83E6F /* CGPixelGlitchFilter.m */,
				967C6E6827C526E700F83E6F /* CGPixelRadialFastBlurFilter.h */,
				967C6E6927C526E700F83E6F /* CGPixelRadialFastBlurFilter.fsh */,
				967C6E6A27C526E700F83E6F /* CGPixelSoulFilter.m */,
				967C6E6B27C526E700F83E6F /* CGPixelRadialRotateBlurFilter.fsh */,
				967C6E6C27C526E700F83E6F /* CGPixelGlitchFilter.fsh */,
				967C6E6D27C526E700F83E6F /* CGPixelRadialScaleBlurFilter.fsh */,
				967C6E6E27C526E700F83E6F /* CGPixelRadialRotateBlurFilter.m */,
				967C6E6F27C526E700F83E6F /* CGPixelFilter.h */,
				967C6E7027C526E700F83E6F /* CGPixelSoulFilter.fsh */,
				967C6E7127C526E700F83E6F /* CGPixelVortexFilter.h */,
				967C6E7227C526E700F83E6F /* CGPixelGrayFilter.m */,
				967C6E7327C526E700F83E6F /* CGPixelGlitchFilter.h */,
				967C6E7427C526E700F83E6F /* CGPixelRadialScaleBlurFilter.h */,
				967C6E7527C526E700F83E6F /* CGPixelShakeFilter.m */,
				967C6E7627C526E700F83E6F /* CGPixelShakeFilter.fsh */,
				967C6E7727C526E700F83E6F /* CGPixelSoulFilter.h */,
				967C6E7827C526E700F83E6F /* CGPixelRadialFastBlurFilter.m */,
			);
			path = filter;
			sourceTree = "<group>";
		};
/* End PBXGroup section */

/* Begin PBXNativeTarget section */
		967409BF27C1EFDA0047AF24 /* VisualEffect */ = {
			isa = PBXNativeTarget;
			buildConfigurationList = 967409D927C1EFDB0047AF24 /* Build configuration list for PBXNativeTarget "VisualEffect" */;
			buildPhases = (
				967409BC27C1EFDA0047AF24 /* Sources */,
				967409BD27C1EFDA0047AF24 /* Frameworks */,
				967409BE27C1EFDA0047AF24 /* Resources */,
			);
			buildRules = (
			);
			dependencies = (
			);
			name = VisualEffect;
			productName = VisualEffect;
			productReference = 967409C027C1EFDA0047AF24 /* VisualEffect.app */;
			productType = "com.apple.product-type.application";
		};
/* End PBXNativeTarget section */

/* Begin PBXProject section */
		967409B827C1EFDA0047AF24 /* Project object */ = {
			isa = PBXProject;
			attributes = {
				BuildIndependentTargetsInParallel = 1;
				LastUpgradeCheck = 1320;
				TargetAttributes = {
					967409BF27C1EFDA0047AF24 = {
						CreatedOnToolsVersion = 13.2.1;
					};
				};
			};
			buildConfigurationList = 967409BB27C1EFDA0047AF24 /* Build configuration list for PBXProject "VisualEffect" */;
			compatibilityVersion = "Xcode 13.0";
			developmentRegion = en;
			hasScannedForEncodings = 0;
			knownRegions = (
				en,
				Base,
			);
			mainGroup = 967409B727C1EFDA0047AF24;
			productRefGroup = 967409C127C1EFDA0047AF24 /* Products */;
			projectDirPath = "";
			projectRoot = "";
			targets = (
				967409BF27C1EFDA0047AF24 /* VisualEffect */,
			);
		};
/* End PBXProject section */

/* Begin PBXResourcesBuildPhase section */
		967409BE27C1EFDA0047AF24 /* Resources */ = {
			isa = PBXResourcesBuildPhase;
			buildActionMask = 2147483647;
			files = (
				967409D327C1EFDB0047AF24 /* LaunchScreen.storyboard in Resources */,
				967C6E9527C526E700F83E6F /* CGPixelRadialRotateBlurFilter.fsh in Resources */,
				967C6E9727C526E700F83E6F /* CGPixelRadialScaleBlurFilter.fsh in Resources */,
				967409D027C1EFDB0047AF24 /* Assets.xcassets in Resources */,
				967C6E9627C526E700F83E6F /* CGPixelGlitchFilter.fsh in Resources */,
				967C6E8F27C526E700F83E6F /* CGPixelVortexFilter.fsh in Resources */,
				967C6E9927C526E700F83E6F /* CGPixelSoulFilter.fsh in Resources */,
				967C6E9C27C526E700F83E6F /* CGPixelShakeFilter.fsh in Resources */,
				967C6E9327C526E700F83E6F /* CGPixelRadialFastBlurFilter.fsh in Resources */,
				967409CE27C1EFDA0047AF24 /* Main.storyboard in Resources */,
				96740ADC27C1F3950047AF24 /* rgba8_1125x1125.rgba in Resources */,
				967C6E9127C526E700F83E6F /* CGPixelGrayFilter.fsh in Resources */,
			);
			runOnlyForDeploymentPostprocessing = 0;
		};
/* End PBXResourcesBuildPhase section */

/* Begin PBXSourcesBuildPhase section */
		967409BC27C1EFDA0047AF24 /* Sources */ = {
			isa = PBXSourcesBuildPhase;
			buildActionMask = 2147483647;
			files = (
				967C6E8D27C526E700F83E6F /* CGPixelVortexFilter.m in Sources */,
				967C6E8627C526E700F83E6F /* CGPixelRawDataInput.m in Sources */,
				967C6E8B27C526E700F83E6F /* CGPixelTextureOutput.m in Sources */,
				967409CB27C1EFDA0047AF24 /* ViewController.m in Sources */,
				967C6E8027C526E700F83E6F /* CGPixelProgram.m in Sources */,
				967C6E7C27C526E700F83E6F /* CGPixelFramebufferCache.m in Sources */,
				967C6E8927C526E700F83E6F /* CGPixelTargetOutput.m in Sources */,
				967C6E9027C526E700F83E6F /* CGPixelRadialScaleBlurFilter.m in Sources */,
				967C6E8C27C526E700F83E6F /* CGPixelRawDataOutput.m in Sources */,
				967C6E9227C526E700F83E6F /* CGPixelGlitchFilter.m in Sources */,
				967C6E8127C526E700F83E6F /* CGPixelPixelBufferInput.m in Sources */,
				967C6E7D27C526E700F83E6F /* CGPixelFramebuffer.m in Sources */,
				96740ADD27C1F3950047AF24 /* CGDrawController.m in Sources */,
				967C6E9B27C526E700F83E6F /* CGPixelShakeFilter.m in Sources */,
				967C6E8727C526E700F83E6F /* CGPixelImageOutput.m in Sources */,
				967C6E8E27C526E700F83E6F /* CGPixelFilter.m in Sources */,
				967C6E7E27C526E700F83E6F /* CGPixelContext.m in Sources */,
				967C6E9A27C526E700F83E6F /* CGPixelGrayFilter.m in Sources */,
				967C6E9D27C526E700F83E6F /* CGPixelRadialFastBlurFilter.m in Sources */,
				96740ADE27C1F3950047AF24 /* CGDrawAgent.mm in Sources */,
				967409C527C1EFDA0047AF24 /* AppDelegate.m in Sources */,
				967C6E7A27C526E700F83E6F /* CGPixelRenderPipeline.m in Sources */,
				967409D627C1EFDB0047AF24 /* main.m in Sources */,
				967C6E8A27C526E700F83E6F /* CGPixelViewOutput.m in Sources */,
				967409C827C1EFDA0047AF24 /* SceneDelegate.m in Sources */,
				967C6E8827C526E700F83E6F /* CGPixelPixelbufferOutput.m in Sources */,
				967C6E7F27C526E700F83E6F /* CGPixelOutput.m in Sources */,
				967C6E8527C526E700F83E6F /* CGPixelCameraInput.m in Sources */,
				967C6E8427C526E700F83E6F /* CGPixelVideoInput.m in Sources */,
				967C6E8227C526E700F83E6F /* CGPixelTextureInput.m in Sources */,
				967C6E7927C526E700F83E6F /* CGPixelPipelineOutput.m in Sources */,
				967C6E9427C526E700F83E6F /* CGPixelSoulFilter.m in Sources */,
				967C6E9827C526E700F83E6F /* CGPixelRadialRotateBlurFilter.m in Sources */,
				967C6E8327C526E700F83E6F /* CGPixelImageInput.m in Sources */,
				967C6E7B27C526E700F83E6F /* CGPixelUtils.m in Sources */,
			);
			runOnlyForDeploymentPostprocessing = 0;
		};
/* End PBXSourcesBuildPhase section */

/* Begin PBXVariantGroup section */
		967409CC27C1EFDA0047AF24 /* Main.storyboard */ = {
			isa = PBXVariantGroup;
			children = (
				967409CD27C1EFDA0047AF24 /* Base */,
			);
			name = Main.storyboard;
			sourceTree = "<group>";
		};
		967409D127C1EFDB0047AF24 /* LaunchScreen.storyboard */ = {
			isa = PBXVariantGroup;
			children = (
				967409D227C1EFDB0047AF24 /* Base */,
			);
			name = LaunchScreen.storyboard;
			sourceTree = "<group>";
		};
/* End PBXVariantGroup section */

/* Begin XCBuildConfiguration section */
		967409D727C1EFDB0047AF24 /* Debug */ = {
			isa = XCBuildConfiguration;
			buildSettings = {
				ALWAYS_SEARCH_USER_PATHS = NO;
				CLANG_ANALYZER_NONNULL = YES;
				CLANG_ANALYZER_NUMBER_OBJECT_CONVERSION = YES_AGGRESSIVE;
				CLANG_CXX_LANGUAGE_STANDARD = "gnu++17";
				CLANG_CXX_LIBRARY = "libc++";
				CLANG_ENABLE_MODULES = YES;
				CLANG_ENABLE_OBJC_ARC = YES;
				CLANG_ENABLE_OBJC_WEAK = YES;
				CLANG_WARN_BLOCK_CAPTURE_AUTORELEASING = YES;
				CLANG_WARN_BOOL_CONVERSION = YES;
				CLANG_WARN_COMMA = YES;
				CLANG_WARN_CONSTANT_CONVERSION = YES;
				CLANG_WARN_DEPRECATED_OBJC_IMPLEMENTATIONS = YES;
				CLANG_WARN_DIRECT_OBJC_ISA_USAGE = YES_ERROR;
				CLANG_WARN_DOCUMENTATION_COMMENTS = YES;
				CLANG_WARN_EMPTY_BODY = YES;
				CLANG_WARN_ENUM_CONVERSION = YES;
				CLANG_WARN_INFINITE_RECURSION = YES;
				CLANG_WARN_INT_CONVERSION = YES;
				CLANG_WARN_NON_LITERAL_NULL_CONVERSION = YES;
				CLANG_WARN_OBJC_IMPLICIT_RETAIN_SELF = YES;
				CLANG_WARN_OBJC_LITERAL_CONVERSION = YES;
				CLANG_WARN_OBJC_ROOT_CLASS = YES_ERROR;
				CLANG_WARN_QUOTED_INCLUDE_IN_FRAMEWORK_HEADER = YES;
				CLANG_WARN_RANGE_LOOP_ANALYSIS = YES;
				CLANG_WARN_STRICT_PROTOTYPES = YES;
				CLANG_WARN_SUSPICIOUS_MOVE = YES;
				CLANG_WARN_UNGUARDED_AVAILABILITY = YES_AGGRESSIVE;
				CLANG_WARN_UNREACHABLE_CODE = YES;
				CLANG_WARN__DUPLICATE_METHOD_MATCH = YES;
				COPY_PHASE_STRIP = NO;
				DEBUG_INFORMATION_FORMAT = dwarf;
				ENABLE_STRICT_OBJC_MSGSEND = YES;
				ENABLE_TESTABILITY = YES;
				GCC_C_LANGUAGE_STANDARD = gnu11;
				GCC_DYNAMIC_NO_PIC = NO;
				GCC_NO_COMMON_BLOCKS = YES;
				GCC_OPTIMIZATION_LEVEL = 0;
				GCC_PREPROCESSOR_DEFINITIONS = (
					"DEBUG=1",
					"$(inherited)",
				);
				GCC_WARN_64_TO_32_BIT_CONVERSION = YES;
				GCC_WARN_ABOUT_RETURN_TYPE = YES_ERROR;
				GCC_WARN_UNDECLARED_SELECTOR = YES;
				GCC_WARN_UNINITIALIZED_AUTOS = YES_AGGRESSIVE;
				GCC_WARN_UNUSED_FUNCTION = YES;
				GCC_WARN_UNUSED_VARIABLE = YES;
				IPHONEOS_DEPLOYMENT_TARGET = 15.2;
				MTL_ENABLE_DEBUG_INFO = INCLUDE_SOURCE;
				MTL_FAST_MATH = YES;
				ONLY_ACTIVE_ARCH = YES;
				SDKROOT = iphoneos;
			};
			name = Debug;
		};
		967409D827C1EFDB0047AF24 /* Release */ = {
			isa = XCBuildConfiguration;
			buildSettings = {
				ALWAYS_SEARCH_USER_PATHS = NO;
				CLANG_ANALYZER_NONNULL = YES;
				CLANG_ANALYZER_NUMBER_OBJECT_CONVERSION = YES_AGGRESSIVE;
				CLANG_CXX_LANGUAGE_STANDARD = "gnu++17";
				CLANG_CXX_LIBRARY = "libc++";
				CLANG_ENABLE_MODULES = YES;
				CLANG_ENABLE_OBJC_ARC = YES;
				CLANG_ENABLE_OBJC_WEAK = YES;
				CLANG_WARN_BLOCK_CAPTURE_AUTORELEASING = YES;
				CLANG_WARN_BOOL_CONVERSION = YES;
				CLANG_WARN_COMMA = YES;
				CLANG_WARN_CONSTANT_CONVERSION = YES;
				CLANG_WARN_DEPRECATED_OBJC_IMPLEMENTATIONS = YES;
				CLANG_WARN_DIRECT_OBJC_ISA_USAGE = YES_ERROR;
				CLANG_WARN_DOCUMENTATION_COMMENTS = YES;
				CLANG_WARN_EMPTY_BODY = YES;
				CLANG_WARN_ENUM_CONVERSION = YES;
				CLANG_WARN_INFINITE_RECURSION = YES;
				CLANG_WARN_INT_CONVERSION = YES;
				CLANG_WARN_NON_LITERAL_NULL_CONVERSION = YES;
				CLANG_WARN_OBJC_IMPLICIT_RETAIN_SELF = YES;
				CLANG_WARN_OBJC_LITERAL_CONVERSION = YES;
				CLANG_WARN_OBJC_ROOT_CLASS = YES_ERROR;
				CLANG_WARN_QUOTED_INCLUDE_IN_FRAMEWORK_HEADER = YES;
				CLANG_WARN_RANGE_LOOP_ANALYSIS = YES;
				CLANG_WARN_STRICT_PROTOTYPES = YES;
				CLANG_WARN_SUSPICIOUS_MOVE = YES;
				CLANG_WARN_UNGUARDED_AVAILABILITY = YES_AGGRESSIVE;
				CLANG_WARN_UNREACHABLE_CODE = YES;
				CLANG_WARN__DUPLICATE_METHOD_MATCH = YES;
				COPY_PHASE_STRIP = NO;
				DEBUG_INFORMATION_FORMAT = "dwarf-with-dsym";
				ENABLE_NS_ASSERTIONS = NO;
				ENABLE_STRICT_OBJC_MSGSEND = YES;
				GCC_C_LANGUAGE_STANDARD = gnu11;
				GCC_NO_COMMON_BLOCKS = YES;
				GCC_WARN_64_TO_32_BIT_CONVERSION = YES;
				GCC_WARN_ABOUT_RETURN_TYPE = YES_ERROR;
				GCC_WARN_UNDECLARED_SELECTOR = YES;
				GCC_WARN_UNINITIALIZED_AUTOS = YES_AGGRESSIVE;
				GCC_WARN_UNUSED_FUNCTION = YES;
				GCC_WARN_UNUSED_VARIABLE = YES;
				IPHONEOS_DEPLOYMENT_TARGET = 15.2;
				MTL_ENABLE_DEBUG_INFO = NO;
				MTL_FAST_MATH = YES;
				SDKROOT = iphoneos;
				VALIDATE_PRODUCT = YES;
			};
			name = Release;
		};
		967409DA27C1EFDB0047AF24 /* Debug */ = {
			isa = XCBuildConfiguration;
			buildSettings = {
				ASSETCATALOG_COMPILER_APPICON_NAME = AppIcon;
				ASSETCATALOG_COMPILER_GLOBAL_ACCENT_COLOR_NAME = AccentColor;
				CODE_SIGN_STYLE = Automatic;
				CURRENT_PROJECT_VERSION = 1;
				DEVELOPMENT_TEAM = 9ZSR9Q37TC;
				GENERATE_INFOPLIST_FILE = YES;
				INFOPLIST_FILE = VisualEffect/Info.plist;
				INFOPLIST_KEY_UIApplicationSupportsIndirectInputEvents = YES;
				INFOPLIST_KEY_UILaunchStoryboardName = LaunchScreen;
				INFOPLIST_KEY_UIMainStoryboardFile = Main;
				INFOPLIST_KEY_UISupportedInterfaceOrientations_iPad = "UIInterfaceOrientationPortrait UIInterfaceOrientationPortraitUpsideDown UIInterfaceOrientationLandscapeLeft UIInterfaceOrientationLandscapeRight";
				INFOPLIST_KEY_UISupportedInterfaceOrientations_iPhone = "UIInterfaceOrientationPortrait UIInterfaceOrientationLandscapeLeft UIInterfaceOrientationLandscapeRight";
				IPHONEOS_DEPLOYMENT_TARGET = 12.0;
				LD_RUNPATH_SEARCH_PATHS = (
					"$(inherited)",
					"@executable_path/Frameworks",
				);
				MARKETING_VERSION = 1.0;
				PRODUCT_BUNDLE_IDENTIFIER = com.zhenqu.MediaEngineDemo;
				PRODUCT_NAME = "$(TARGET_NAME)";
				SWIFT_EMIT_LOC_STRINGS = YES;
				TARGETED_DEVICE_FAMILY = "1,2";
			};
			name = Debug;
		};
		967409DB27C1EFDB0047AF24 /* Release */ = {
			isa = XCBuildConfiguration;
			buildSettings = {
				ASSETCATALOG_COMPILER_APPICON_NAME = AppIcon;
				ASSETCATALOG_COMPILER_GLOBAL_ACCENT_COLOR_NAME = AccentColor;
				CODE_SIGN_STYLE = Automatic;
				CURRENT_PROJECT_VERSION = 1;
				DEVELOPMENT_TEAM = 9ZSR9Q37TC;
				GENERATE_INFOPLIST_FILE = YES;
				INFOPLIST_FILE = VisualEffect/Info.plist;
				INFOPLIST_KEY_UIApplicationSupportsIndirectInputEvents = YES;
				INFOPLIST_KEY_UILaunchStoryboardName = LaunchScreen;
				INFOPLIST_KEY_UIMainStoryboardFile = Main;
				INFOPLIST_KEY_UISupportedInterfaceOrientations_iPad = "UIInterfaceOrientationPortrait UIInterfaceOrientationPortraitUpsideDown UIInterfaceOrientationLandscapeLeft UIInterfaceOrientationLandscapeRight";
				INFOPLIST_KEY_UISupportedInterfaceOrientations_iPhone = "UIInterfaceOrientationPortrait UIInterfaceOrientationLandscapeLeft UIInterfaceOrientationLandscapeRight";
				IPHONEOS_DEPLOYMENT_TARGET = 12.0;
				LD_RUNPATH_SEARCH_PATHS = (
					"$(inherited)",
					"@executable_path/Frameworks",
				);
				MARKETING_VERSION = 1.0;
				PRODUCT_BUNDLE_IDENTIFIER = com.zhenqu.MediaEngineDemo;
				PRODUCT_NAME = "$(TARGET_NAME)";
				SWIFT_EMIT_LOC_STRINGS = YES;
				TARGETED_DEVICE_FAMILY = "1,2";
			};
			name = Release;
		};
/* End XCBuildConfiguration section */

/* Begin XCConfigurationList section */
		967409BB27C1EFDA0047AF24 /* Build configuration list for PBXProject "VisualEffect" */ = {
			isa = XCConfigurationList;
			buildConfigurations = (
				967409D727C1EFDB0047AF24 /* Debug */,
				967409D827C1EFDB0047AF24 /* Release */,
			);
			defaultConfigurationIsVisible = 0;
			defaultConfigurationName = Release;
		};
		967409D927C1EFDB0047AF24 /* Build configuration list for PBXNativeTarget "VisualEffect" */ = {
			isa = XCConfigurationList;
			buildConfigurations = (
				967409DA27C1EFDB0047AF24 /* Debug */,
				967409DB27C1EFDB0047AF24 /* Release */,
			);
			defaultConfigurationIsVisible = 0;
			defaultConfigurationName = Release;
		};
/* End XCConfigurationList section */
	};
	rootObject = 967409B827C1EFDA0047AF24 /* Project object */;
}
