// !$*UTF8*$!
{
	archiveVersion = 1;
	classes = {
	};
	objectVersion = 55;
	objects = {

/* Begin PBXBuildFile section */
		967409FF27C1F0520047AF24 /* VisualEffect.m in Sources */ = {isa = PBXBuildFile; fileRef = 967409FE27C1F0520047AF24 /* VisualEffect.m */; };
		96740A0027C1F0520047AF24 /* VisualEffect.h in CopyFiles */ = {isa = PBXBuildFile; fileRef = 967409FD27C1F0520047AF24 /* VisualEffect.h */; };
		967C6EEA27C529A600F83E6F /* CGPixelPipelineOutput.m in Sources */ = {isa = PBXBuildFile; fileRef = 967C6EA227C529A500F83E6F /* CGPixelPipelineOutput.m */; };
		967C6EEB27C529A600F83E6F /* CGPixelRenderPipeline.m in Sources */ = {isa = PBXBuildFile; fileRef = 967C6EA327C529A500F83E6F /* CGPixelRenderPipeline.m */; };
		967C6EEC27C529A600F83E6F /* CGPixelUtils.m in Sources */ = {isa = PBXBuildFile; fileRef = 967C6EA527C529A500F83E6F /* CGPixelUtils.m */; };
		967C6EED27C529A600F83E6F /* CGPixelFramebufferCache.m in Sources */ = {isa = PBXBuildFile; fileRef = 967C6EA727C529A500F83E6F /* CGPixelFramebufferCache.m */; };
		967C6EEE27C529A600F83E6F /* CGPixelFramebuffer.m in Sources */ = {isa = PBXBuildFile; fileRef = 967C6EA927C529A500F83E6F /* CGPixelFramebuffer.m */; };
		967C6EEF27C529A600F83E6F /* CGPixelContext.m in Sources */ = {isa = PBXBuildFile; fileRef = 967C6EAB27C529A500F83E6F /* CGPixelContext.m */; };
		967C6EF027C529A600F83E6F /* CGPixelOutput.m in Sources */ = {isa = PBXBuildFile; fileRef = 967C6EB027C529A500F83E6F /* CGPixelOutput.m */; };
		967C6EF127C529A600F83E6F /* CGPixelProgram.m in Sources */ = {isa = PBXBuildFile; fileRef = 967C6EB127C529A500F83E6F /* CGPixelProgram.m */; };
		967C6EF227C529A600F83E6F /* CGPixelPixelBufferInput.m in Sources */ = {isa = PBXBuildFile; fileRef = 967C6EB527C529A600F83E6F /* CGPixelPixelBufferInput.m */; };
		967C6EF327C529A600F83E6F /* CGPixelTextureInput.m in Sources */ = {isa = PBXBuildFile; fileRef = 967C6EB627C529A600F83E6F /* CGPixelTextureInput.m */; };
		967C6EF427C529A600F83E6F /* CGPixelImageInput.m in Sources */ = {isa = PBXBuildFile; fileRef = 967C6EB927C529A600F83E6F /* CGPixelImageInput.m */; };
		967C6EF527C529A600F83E6F /* CGPixelVideoInput.m in Sources */ = {isa = PBXBuildFile; fileRef = 967C6EBA27C529A600F83E6F /* CGPixelVideoInput.m */; };
		967C6EF627C529A600F83E6F /* CGPixelCameraInput.m in Sources */ = {isa = PBXBuildFile; fileRef = 967C6EBD27C529A600F83E6F /* CGPixelCameraInput.m */; };
		967C6EF727C529A600F83E6F /* CGPixelRawDataInput.m in Sources */ = {isa = PBXBuildFile; fileRef = 967C6EBE27C529A600F83E6F /* CGPixelRawDataInput.m */; };
		967C6EF827C529A600F83E6F /* CGPixelImageOutput.m in Sources */ = {isa = PBXBuildFile; fileRef = 967C6EC227C529A600F83E6F /* CGPixelImageOutput.m */; };
		967C6EF927C529A600F83E6F /* CGPixelPixelbufferOutput.m in Sources */ = {isa = PBXBuildFile; fileRef = 967C6EC527C529A600F83E6F /* CGPixelPixelbufferOutput.m */; };
		967C6EFA27C529A600F83E6F /* CGPixelTargetOutput.m in Sources */ = {isa = PBXBuildFile; fileRef = 967C6EC627C529A600F83E6F /* CGPixelTargetOutput.m */; };
		967C6EFB27C529A600F83E6F /* CGPixelViewOutput.m in Sources */ = {isa = PBXBuildFile; fileRef = 967C6EC727C529A600F83E6F /* CGPixelViewOutput.m */; };
		967C6EFC27C529A600F83E6F /* CGPixelTextureOutput.m in Sources */ = {isa = PBXBuildFile; fileRef = 967C6EC827C529A600F83E6F /* CGPixelTextureOutput.m */; };
		967C6EFD27C529A600F83E6F /* CGPixelRawDataOutput.m in Sources */ = {isa = PBXBuildFile; fileRef = 967C6ECC27C529A600F83E6F /* CGPixelRawDataOutput.m */; };
		967C6EFE27C529A600F83E6F /* CGPixelVortexFilter.m in Sources */ = {isa = PBXBuildFile; fileRef = 967C6ED027C529A600F83E6F /* CGPixelVortexFilter.m */; };
		967C6EFF27C529A600F83E6F /* CGPixelFilter.m in Sources */ = {isa = PBXBuildFile; fileRef = 967C6ED127C529A600F83E6F /* CGPixelFilter.m */; };
		967C6F0027C529A600F83E6F /* CGPixelRadialScaleBlurFilter.m in Sources */ = {isa = PBXBuildFile; fileRef = 967C6ED527C529A600F83E6F /* CGPixelRadialScaleBlurFilter.m */; };
		967C6F0127C529A600F83E6F /* CGPixelGlitchFilter.m in Sources */ = {isa = PBXBuildFile; fileRef = 967C6ED827C529A600F83E6F /* CGPixelGlitchFilter.m */; };
		967C6F0227C529A600F83E6F /* CGPixelSoulFilter.m in Sources */ = {isa = PBXBuildFile; fileRef = 967C6EDB27C529A600F83E6F /* CGPixelSoulFilter.m */; };
		967C6F0327C529A600F83E6F /* CGPixelRadialRotateBlurFilter.m in Sources */ = {isa = PBXBuildFile; fileRef = 967C6EDF27C529A600F83E6F /* CGPixelRadialRotateBlurFilter.m */; };
		967C6F0427C529A600F83E6F /* CGPixelGrayFilter.m in Sources */ = {isa = PBXBuildFile; fileRef = 967C6EE327C529A600F83E6F /* CGPixelGrayFilter.m */; };
		967C6F0527C529A600F83E6F /* CGPixelShakeFilter.m in Sources */ = {isa = PBXBuildFile; fileRef = 967C6EE627C529A600F83E6F /* CGPixelShakeFilter.m */; };
		967C6F0627C529A600F83E6F /* CGPixelRadialFastBlurFilter.m in Sources */ = {isa = PBXBuildFile; fileRef = 967C6EE927C529A600F83E6F /* CGPixelRadialFastBlurFilter.m */; };
		967C6F0D27C52C7C00F83E6F /* VeView.m in Sources */ = {isa = PBXBuildFile; fileRef = 967C6F0C27C52C7C00F83E6F /* VeView.m */; };
		967C6F1027C52D6F00F83E6F /* VeContext.mm in Sources */ = {isa = PBXBuildFile; fileRef = 967C6F0F27C52D6F00F83E6F /* VeContext.mm */; };
		968842CD27C3E0B4008EDB78 /* VgxProgram.cpp in Sources */ = {isa = PBXBuildFile; fileRef = 968842B127C3E0B4008EDB78 /* VgxProgram.cpp */; };
		968842CE27C3E0B4008EDB78 /* VgxInterface.cpp in Sources */ = {isa = PBXBuildFile; fileRef = 968842B227C3E0B4008EDB78 /* VgxInterface.cpp */; };
		968842CF27C3E0B4008EDB78 /* VgxFramebufferCache.cpp in Sources */ = {isa = PBXBuildFile; fileRef = 968842B327C3E0B4008EDB78 /* VgxFramebufferCache.cpp */; };
		968842D027C3E0B4008EDB78 /* VgxTexture.cpp in Sources */ = {isa = PBXBuildFile; fileRef = 968842B427C3E0B4008EDB78 /* VgxTexture.cpp */; };
		968842D127C3E0B4008EDB78 /* VgxFramebuffer.cpp in Sources */ = {isa = PBXBuildFile; fileRef = 968842B627C3E0B4008EDB78 /* VgxFramebuffer.cpp */; };
		968842D227C3E0B4008EDB78 /* VgxShaderUtil.cpp in Sources */ = {isa = PBXBuildFile; fileRef = 968842BF27C3E0B4008EDB78 /* VgxShaderUtil.cpp */; };
		968842D327C3E0B4008EDB78 /* VgxVec2f.cpp in Sources */ = {isa = PBXBuildFile; fileRef = 968842C027C3E0B4008EDB78 /* VgxVec2f.cpp */; };
		968842D427C3E0B4008EDB78 /* VgxEngine.cpp in Sources */ = {isa = PBXBuildFile; fileRef = 968842C627C3E0B4008EDB78 /* VgxEngine.cpp */; };
		968842D527C3E0B4008EDB78 /* VgxFilter.cpp in Sources */ = {isa = PBXBuildFile; fileRef = 968842CC27C3E0B4008EDB78 /* VgxFilter.cpp */; };
		9688430727C3E1DF008EDB78 /* VisualEffect.docc in Sources */ = {isa = PBXBuildFile; fileRef = 9688430627C3E1DF008EDB78 /* VisualEffect.docc */; };
		96CEB2CB27C4A4BB004E1812 /* VgaModel.cpp in Sources */ = {isa = PBXBuildFile; fileRef = 96CEB2C927C4A4BB004E1812 /* VgaModel.cpp */; };
/* End PBXBuildFile section */

/* Begin PBXCopyFilesBuildPhase section */
		967409F827C1F0520047AF24 /* CopyFiles */ = {
			isa = PBXCopyFilesBuildPhase;
			buildActionMask = 2147483647;
			dstPath = "include/$(PRODUCT_NAME)";
			dstSubfolderSpec = 16;
			files = (
				96740A0027C1F0520047AF24 /* VisualEffect.h in CopyFiles */,
			);
			runOnlyForDeploymentPostprocessing = 0;
		};
/* End PBXCopyFilesBuildPhase section */

/* Begin PBXFileReference section */
		962833E727C69182008C431C /* IVgxFilter.h */ = {isa = PBXFileReference; lastKnownFileType = sourcecode.c.h; path = IVgxFilter.h; sourceTree = "<group>"; };
		967409FA27C1F0520047AF24 /* libVisualEffect.a */ = {isa = PBXFileReference; explicitFileType = archive.ar; includeInIndex = 0; path = libVisualEffect.a; sourceTree = BUILT_PRODUCTS_DIR; };
		967409FD27C1F0520047AF24 /* VisualEffect.h */ = {isa = PBXFileReference; lastKnownFileType = sourcecode.c.h; path = VisualEffect.h; sourceTree = "<group>"; };
		967409FE27C1F0520047AF24 /* VisualEffect.m */ = {isa = PBXFileReference; lastKnownFileType = sourcecode.c.objc; path = VisualEffect.m; sourceTree = "<group>"; };
		967C6E9F27C529A500F83E6F /* CGPixel.h */ = {isa = PBXFileReference; fileEncoding = 4; lastKnownFileType = sourcecode.c.h; path = CGPixel.h; sourceTree = "<group>"; };
		967C6EA127C529A500F83E6F /* CGPixelRenderPipeline.h */ = {isa = PBXFileReference; fileEncoding = 4; lastKnownFileType = sourcecode.c.h; path = CGPixelRenderPipeline.h; sourceTree = "<group>"; };
		967C6EA227C529A500F83E6F /* CGPixelPipelineOutput.m */ = {isa = PBXFileReference; fileEncoding = 4; lastKnownFileType = sourcecode.c.objc; path = CGPixelPipelineOutput.m; sourceTree = "<group>"; };
		967C6EA327C529A500F83E6F /* CGPixelRenderPipeline.m */ = {isa = PBXFileReference; fileEncoding = 4; lastKnownFileType = sourcecode.c.objc; path = CGPixelRenderPipeline.m; sourceTree = "<group>"; };
		967C6EA427C529A500F83E6F /* CGPixelPipelineOutput.h */ = {isa = PBXFileReference; fileEncoding = 4; lastKnownFileType = sourcecode.c.h; path = CGPixelPipelineOutput.h; sourceTree = "<group>"; };
		967C6EA527C529A500F83E6F /* CGPixelUtils.m */ = {isa = PBXFileReference; fileEncoding = 4; lastKnownFileType = sourcecode.c.objc; path = CGPixelUtils.m; sourceTree = "<group>"; };
		967C6EA727C529A500F83E6F /* CGPixelFramebufferCache.m */ = {isa = PBXFileReference; fileEncoding = 4; lastKnownFileType = sourcecode.c.objc; path = CGPixelFramebufferCache.m; sourceTree = "<group>"; };
		967C6EA827C529A500F83E6F /* CGPixelOutput.h */ = {isa = PBXFileReference; fileEncoding = 4; lastKnownFileType = sourcecode.c.h; path = CGPixelOutput.h; sourceTree = "<group>"; };
		967C6EA927C529A500F83E6F /* CGPixelFramebuffer.m */ = {isa = PBXFileReference; fileEncoding = 4; lastKnownFileType = sourcecode.c.objc; path = CGPixelFramebuffer.m; sourceTree = "<group>"; };
		967C6EAA27C529A500F83E6F /* CGPixelFilterInput.h */ = {isa = PBXFileReference; fileEncoding = 4; lastKnownFileType = sourcecode.c.h; path = CGPixelFilterInput.h; sourceTree = "<group>"; };
		967C6EAB27C529A500F83E6F /* CGPixelContext.m */ = {isa = PBXFileReference; fileEncoding = 4; lastKnownFileType = sourcecode.c.objc; path = CGPixelContext.m; sourceTree = "<group>"; };
		967C6EAC27C529A500F83E6F /* CGPixelProgram.h */ = {isa = PBXFileReference; fileEncoding = 4; lastKnownFileType = sourcecode.c.h; path = CGPixelProgram.h; sourceTree = "<group>"; };
		967C6EAD27C529A500F83E6F /* CGPixelInput.h */ = {isa = PBXFileReference; fileEncoding = 4; lastKnownFileType = sourcecode.c.h; path = CGPixelInput.h; sourceTree = "<group>"; };
		967C6EAE27C529A500F83E6F /* CGPixelFramebufferCache.h */ = {isa = PBXFileReference; fileEncoding = 4; lastKnownFileType = sourcecode.c.h; path = CGPixelFramebufferCache.h; sourceTree = "<group>"; };
		967C6EAF27C529A500F83E6F /* CGPixelFramebuffer.h */ = {isa = PBXFileReference; fileEncoding = 4; lastKnownFileType = sourcecode.c.h; path = CGPixelFramebuffer.h; sourceTree = "<group>"; };
		967C6EB027C529A500F83E6F /* CGPixelOutput.m */ = {isa = PBXFileReference; fileEncoding = 4; lastKnownFileType = sourcecode.c.objc; path = CGPixelOutput.m; sourceTree = "<group>"; };
		967C6EB127C529A500F83E6F /* CGPixelProgram.m */ = {isa = PBXFileReference; fileEncoding = 4; lastKnownFileType = sourcecode.c.objc; path = CGPixelProgram.m; sourceTree = "<group>"; };
		967C6EB227C529A500F83E6F /* CGPixelContext.h */ = {isa = PBXFileReference; fileEncoding = 4; lastKnownFileType = sourcecode.c.h; path = CGPixelContext.h; sourceTree = "<group>"; };
		967C6EB427C529A600F83E6F /* CGPixelVideoInput.h */ = {isa = PBXFileReference; fileEncoding = 4; lastKnownFileType = sourcecode.c.h; path = CGPixelVideoInput.h; sourceTree = "<group>"; };
		967C6EB527C529A600F83E6F /* CGPixelPixelBufferInput.m */ = {isa = PBXFileReference; fileEncoding = 4; lastKnownFileType = sourcecode.c.objc; path = CGPixelPixelBufferInput.m; sourceTree = "<group>"; };
		967C6EB627C529A600F83E6F /* CGPixelTextureInput.m */ = {isa = PBXFileReference; fileEncoding = 4; lastKnownFileType = sourcecode.c.objc; path = CGPixelTextureInput.m; sourceTree = "<group>"; };
		967C6EB727C529A600F83E6F /* CGPixelRawDataInput.h */ = {isa = PBXFileReference; fileEncoding = 4; lastKnownFileType = sourcecode.c.h; path = CGPixelRawDataInput.h; sourceTree = "<group>"; };
		967C6EB827C529A600F83E6F /* CGPixelCameraInput.h */ = {isa = PBXFileReference; fileEncoding = 4; lastKnownFileType = sourcecode.c.h; path = CGPixelCameraInput.h; sourceTree = "<group>"; };
		967C6EB927C529A600F83E6F /* CGPixelImageInput.m */ = {isa = PBXFileReference; fileEncoding = 4; lastKnownFileType = sourcecode.c.objc; path = CGPixelImageInput.m; sourceTree = "<group>"; };
		967C6EBA27C529A600F83E6F /* CGPixelVideoInput.m */ = {isa = PBXFileReference; fileEncoding = 4; lastKnownFileType = sourcecode.c.objc; path = CGPixelVideoInput.m; sourceTree = "<group>"; };
		967C6EBB27C529A600F83E6F /* CGPixelTextureInput.h */ = {isa = PBXFileReference; fileEncoding = 4; lastKnownFileType = sourcecode.c.h; path = CGPixelTextureInput.h; sourceTree = "<group>"; };
		967C6EBC27C529A600F83E6F /* CGPixelPixelBufferInput.h */ = {isa = PBXFileReference; fileEncoding = 4; lastKnownFileType = sourcecode.c.h; path = CGPixelPixelBufferInput.h; sourceTree = "<group>"; };
		967C6EBD27C529A600F83E6F /* CGPixelCameraInput.m */ = {isa = PBXFileReference; fileEncoding = 4; lastKnownFileType = sourcecode.c.objc; path = CGPixelCameraInput.m; sourceTree = "<group>"; };
		967C6EBE27C529A600F83E6F /* CGPixelRawDataInput.m */ = {isa = PBXFileReference; fileEncoding = 4; lastKnownFileType = sourcecode.c.objc; path = CGPixelRawDataInput.m; sourceTree = "<group>"; };
		967C6EBF27C529A600F83E6F /* CGPixelImageInput.h */ = {isa = PBXFileReference; fileEncoding = 4; lastKnownFileType = sourcecode.c.h; path = CGPixelImageInput.h; sourceTree = "<group>"; };
		967C6EC127C529A600F83E6F /* CGPixelViewOutput.h */ = {isa = PBXFileReference; fileEncoding = 4; lastKnownFileType = sourcecode.c.h; path = CGPixelViewOutput.h; sourceTree = "<group>"; };
		967C6EC227C529A600F83E6F /* CGPixelImageOutput.m */ = {isa = PBXFileReference; fileEncoding = 4; lastKnownFileType = sourcecode.c.objc; path = CGPixelImageOutput.m; sourceTree = "<group>"; };
		967C6EC327C529A600F83E6F /* CGPixelTextureOutput.h */ = {isa = PBXFileReference; fileEncoding = 4; lastKnownFileType = sourcecode.c.h; path = CGPixelTextureOutput.h; sourceTree = "<group>"; };
		967C6EC427C529A600F83E6F /* CGPixelRawDataOutput.h */ = {isa = PBXFileReference; fileEncoding = 4; lastKnownFileType = sourcecode.c.h; path = CGPixelRawDataOutput.h; sourceTree = "<group>"; };
		967C6EC527C529A600F83E6F /* CGPixelPixelbufferOutput.m */ = {isa = PBXFileReference; fileEncoding = 4; lastKnownFileType = sourcecode.c.objc; path = CGPixelPixelbufferOutput.m; sourceTree = "<group>"; };
		967C6EC627C529A600F83E6F /* CGPixelTargetOutput.m */ = {isa = PBXFileReference; fileEncoding = 4; lastKnownFileType = sourcecode.c.objc; path = CGPixelTargetOutput.m; sourceTree = "<group>"; };
		967C6EC727C529A600F83E6F /* CGPixelViewOutput.m */ = {isa = PBXFileReference; fileEncoding = 4; lastKnownFileType = sourcecode.c.objc; path = CGPixelViewOutput.m; sourceTree = "<group>"; };
		967C6EC827C529A600F83E6F /* CGPixelTextureOutput.m */ = {isa = PBXFileReference; fileEncoding = 4; lastKnownFileType = sourcecode.c.objc; path = CGPixelTextureOutput.m; sourceTree = "<group>"; };
		967C6EC927C529A600F83E6F /* CGPixelImageOutput.h */ = {isa = PBXFileReference; fileEncoding = 4; lastKnownFileType = sourcecode.c.h; path = CGPixelImageOutput.h; sourceTree = "<group>"; };
		967C6ECA27C529A600F83E6F /* CGPixelTargetOutput.h */ = {isa = PBXFileReference; fileEncoding = 4; lastKnownFileType = sourcecode.c.h; path = CGPixelTargetOutput.h; sourceTree = "<group>"; };
		967C6ECB27C529A600F83E6F /* CGPixelPixelbufferOutput.h */ = {isa = PBXFileReference; fileEncoding = 4; lastKnownFileType = sourcecode.c.h; path = CGPixelPixelbufferOutput.h; sourceTree = "<group>"; };
		967C6ECC27C529A600F83E6F /* CGPixelRawDataOutput.m */ = {isa = PBXFileReference; fileEncoding = 4; lastKnownFileType = sourcecode.c.objc; path = CGPixelRawDataOutput.m; sourceTree = "<group>"; };
		967C6ECD27C529A600F83E6F /* CGPixelDefine.h */ = {isa = PBXFileReference; fileEncoding = 4; lastKnownFileType = sourcecode.c.h; path = CGPixelDefine.h; sourceTree = "<group>"; };
		967C6ECE27C529A600F83E6F /* CGPixelUtils.h */ = {isa = PBXFileReference; fileEncoding = 4; lastKnownFileType = sourcecode.c.h; path = CGPixelUtils.h; sourceTree = "<group>"; };
		967C6ED027C529A600F83E6F /* CGPixelVortexFilter.m */ = {isa = PBXFileReference; fileEncoding = 4; lastKnownFileType = sourcecode.c.objc; path = CGPixelVortexFilter.m; sourceTree = "<group>"; };
		967C6ED127C529A600F83E6F /* CGPixelFilter.m */ = {isa = PBXFileReference; fileEncoding = 4; lastKnownFileType = sourcecode.c.objc; path = CGPixelFilter.m; sourceTree = "<group>"; };
		967C6ED227C529A600F83E6F /* CGPixelVortexFilter.fsh */ = {isa = PBXFileReference; fileEncoding = 4; lastKnownFileType = sourcecode.glsl; path = CGPixelVortexFilter.fsh; sourceTree = "<group>"; };
		967C6ED327C529A600F83E6F /* CGPixelRadialRotateBlurFilter.h */ = {isa = PBXFileReference; fileEncoding = 4; lastKnownFileType = sourcecode.c.h; path = CGPixelRadialRotateBlurFilter.h; sourceTree = "<group>"; };
		967C6ED427C529A600F83E6F /* CGPixelShakeFilter.h */ = {isa = PBXFileReference; fileEncoding = 4; lastKnownFileType = sourcecode.c.h; path = CGPixelShakeFilter.h; sourceTree = "<group>"; };
		967C6ED527C529A600F83E6F /* CGPixelRadialScaleBlurFilter.m */ = {isa = PBXFileReference; fileEncoding = 4; lastKnownFileType = sourcecode.c.objc; path = CGPixelRadialScaleBlurFilter.m; sourceTree = "<group>"; };
		967C6ED627C529A600F83E6F /* CGPixelGrayFilter.fsh */ = {isa = PBXFileReference; fileEncoding = 4; lastKnownFileType = sourcecode.glsl; path = CGPixelGrayFilter.fsh; sourceTree = "<group>"; };
		967C6ED727C529A600F83E6F /* CGPixelGrayFilter.h */ = {isa = PBXFileReference; fileEncoding = 4; lastKnownFileType = sourcecode.c.h; path = CGPixelGrayFilter.h; sourceTree = "<group>"; };
		967C6ED827C529A600F83E6F /* CGPixelGlitchFilter.m */ = {isa = PBXFileReference; fileEncoding = 4; lastKnownFileType = sourcecode.c.objc; path = CGPixelGlitchFilter.m; sourceTree = "<group>"; };
		967C6ED927C529A600F83E6F /* CGPixelRadialFastBlurFilter.h */ = {isa = PBXFileReference; fileEncoding = 4; lastKnownFileType = sourcecode.c.h; path = CGPixelRadialFastBlurFilter.h; sourceTree = "<group>"; };
		967C6EDA27C529A600F83E6F /* CGPixelRadialFastBlurFilter.fsh */ = {isa = PBXFileReference; fileEncoding = 4; lastKnownFileType = sourcecode.glsl; path = CGPixelRadialFastBlurFilter.fsh; sourceTree = "<group>"; };
		967C6EDB27C529A600F83E6F /* CGPixelSoulFilter.m */ = {isa = PBXFileReference; fileEncoding = 4; lastKnownFileType = sourcecode.c.objc; path = CGPixelSoulFilter.m; sourceTree = "<group>"; };
		967C6EDC27C529A600F83E6F /* CGPixelRadialRotateBlurFilter.fsh */ = {isa = PBXFileReference; fileEncoding = 4; lastKnownFileType = sourcecode.glsl; path = CGPixelRadialRotateBlurFilter.fsh; sourceTree = "<group>"; };
		967C6EDD27C529A600F83E6F /* CGPixelGlitchFilter.fsh */ = {isa = PBXFileReference; fileEncoding = 4; lastKnownFileType = sourcecode.glsl; path = CGPixelGlitchFilter.fsh; sourceTree = "<group>"; };
		967C6EDE27C529A600F83E6F /* CGPixelRadialScaleBlurFilter.fsh */ = {isa = PBXFileReference; fileEncoding = 4; lastKnownFileType = sourcecode.glsl; path = CGPixelRadialScaleBlurFilter.fsh; sourceTree = "<group>"; };
		967C6EDF27C529A600F83E6F /* CGPixelRadialRotateBlurFilter.m */ = {isa = PBXFileReference; fileEncoding = 4; lastKnownFileType = sourcecode.c.objc; path = CGPixelRadialRotateBlurFilter.m; sourceTree = "<group>"; };
		967C6EE027C529A600F83E6F /* CGPixelFilter.h */ = {isa = PBXFileReference; fileEncoding = 4; lastKnownFileType = sourcecode.c.h; path = CGPixelFilter.h; sourceTree = "<group>"; };
		967C6EE127C529A600F83E6F /* CGPixelSoulFilter.fsh */ = {isa = PBXFileReference; fileEncoding = 4; lastKnownFileType = sourcecode.glsl; path = CGPixelSoulFilter.fsh; sourceTree = "<group>"; };
		967C6EE227C529A600F83E6F /* CGPixelVortexFilter.h */ = {isa = PBXFileReference; fileEncoding = 4; lastKnownFileType = sourcecode.c.h; path = CGPixelVortexFilter.h; sourceTree = "<group>"; };
		967C6EE327C529A600F83E6F /* CGPixelGrayFilter.m */ = {isa = PBXFileReference; fileEncoding = 4; lastKnownFileType = sourcecode.c.objc; path = CGPixelGrayFilter.m; sourceTree = "<group>"; };
		967C6EE427C529A600F83E6F /* CGPixelGlitchFilter.h */ = {isa = PBXFileReference; fileEncoding = 4; lastKnownFileType = sourcecode.c.h; path = CGPixelGlitchFilter.h; sourceTree = "<group>"; };
		967C6EE527C529A600F83E6F /* CGPixelRadialScaleBlurFilter.h */ = {isa = PBXFileReference; fileEncoding = 4; lastKnownFileType = sourcecode.c.h; path = CGPixelRadialScaleBlurFilter.h; sourceTree = "<group>"; };
		967C6EE627C529A600F83E6F /* CGPixelShakeFilter.m */ = {isa = PBXFileReference; fileEncoding = 4; lastKnownFileType = sourcecode.c.objc; path = CGPixelShakeFilter.m; sourceTree = "<group>"; };
		967C6EE727C529A600F83E6F /* CGPixelShakeFilter.fsh */ = {isa = PBXFileReference; fileEncoding = 4; lastKnownFileType = sourcecode.glsl; path = CGPixelShakeFilter.fsh; sourceTree = "<group>"; };
		967C6EE827C529A600F83E6F /* CGPixelSoulFilter.h */ = {isa = PBXFileReference; fileEncoding = 4; lastKnownFileType = sourcecode.c.h; path = CGPixelSoulFilter.h; sourceTree = "<group>"; };
		967C6EE927C529A600F83E6F /* CGPixelRadialFastBlurFilter.m */ = {isa = PBXFileReference; fileEncoding = 4; lastKnownFileType = sourcecode.c.objc; path = CGPixelRadialFastBlurFilter.m; sourceTree = "<group>"; };
		967C6F0B27C52C7C00F83E6F /* VeView.h */ = {isa = PBXFileReference; lastKnownFileType = sourcecode.c.h; path = VeView.h; sourceTree = "<group>"; };
		967C6F0C27C52C7C00F83E6F /* VeView.m */ = {isa = PBXFileReference; lastKnownFileType = sourcecode.c.objc; path = VeView.m; sourceTree = "<group>"; };
		967C6F0E27C52D6F00F83E6F /* VeContext.h */ = {isa = PBXFileReference; lastKnownFileType = sourcecode.c.h; path = VeContext.h; sourceTree = "<group>"; };
		967C6F0F27C52D6F00F83E6F /* VeContext.mm */ = {isa = PBXFileReference; lastKnownFileType = sourcecode.cpp.objcpp; path = VeContext.mm; sourceTree = "<group>"; };
		967C6F1527C530DC00F83E6F /* Vgx.h */ = {isa = PBXFileReference; lastKnownFileType = sourcecode.c.h; path = Vgx.h; sourceTree = "<group>"; };
		968842AD27C3E0B4008EDB78 /* VgxFramebufferCache.h */ = {isa = PBXFileReference; fileEncoding = 4; lastKnownFileType = sourcecode.c.h; path = VgxFramebufferCache.h; sourceTree = "<group>"; };
		968842AE27C3E0B4008EDB78 /* VgxTexture.h */ = {isa = PBXFileReference; fileEncoding = 4; lastKnownFileType = sourcecode.c.h; path = VgxTexture.h; sourceTree = "<group>"; };
		968842AF27C3E0B4008EDB78 /* VgxProgram.h */ = {isa = PBXFileReference; fileEncoding = 4; lastKnownFileType = sourcecode.c.h; path = VgxProgram.h; sourceTree = "<group>"; };
		968842B027C3E0B4008EDB78 /* VgxFramebuffer.h */ = {isa = PBXFileReference; fileEncoding = 4; lastKnownFileType = sourcecode.c.h; path = VgxFramebuffer.h; sourceTree = "<group>"; };
		968842B127C3E0B4008EDB78 /* VgxProgram.cpp */ = {isa = PBXFileReference; fileEncoding = 4; lastKnownFileType = sourcecode.cpp.cpp; path = VgxProgram.cpp; sourceTree = "<group>"; };
		968842B227C3E0B4008EDB78 /* VgxInterface.cpp */ = {isa = PBXFileReference; fileEncoding = 4; lastKnownFileType = sourcecode.cpp.cpp; path = VgxInterface.cpp; sourceTree = "<group>"; };
		968842B327C3E0B4008EDB78 /* VgxFramebufferCache.cpp */ = {isa = PBXFileReference; fileEncoding = 4; lastKnownFileType = sourcecode.cpp.cpp; path = VgxFramebufferCache.cpp; sourceTree = "<group>"; };
		968842B427C3E0B4008EDB78 /* VgxTexture.cpp */ = {isa = PBXFileReference; fileEncoding = 4; lastKnownFileType = sourcecode.cpp.cpp; path = VgxTexture.cpp; sourceTree = "<group>"; };
		968842B527C3E0B4008EDB78 /* VgxInterface.h */ = {isa = PBXFileReference; fileEncoding = 4; lastKnownFileType = sourcecode.c.h; path = VgxInterface.h; sourceTree = "<group>"; };
		968842B627C3E0B4008EDB78 /* VgxFramebuffer.cpp */ = {isa = PBXFileReference; fileEncoding = 4; lastKnownFileType = sourcecode.cpp.cpp; path = VgxFramebuffer.cpp; sourceTree = "<group>"; };
		968842B827C3E0B4008EDB78 /* VgxDataInput.h */ = {isa = PBXFileReference; fileEncoding = 4; lastKnownFileType = sourcecode.c.h; path = VgxDataInput.h; sourceTree = "<group>"; };
		968842B927C3E0B4008EDB78 /* VgxTextureInput.h */ = {isa = PBXFileReference; fileEncoding = 4; lastKnownFileType = sourcecode.c.h; path = VgxTextureInput.h; sourceTree = "<group>"; };
		968842BA27C3E0B4008EDB78 /* IVgxInput.h */ = {isa = PBXFileReference; fileEncoding = 4; lastKnownFileType = sourcecode.c.h; path = IVgxInput.h; sourceTree = "<group>"; };
		968842BC27C3E0B4008EDB78 /* VgxTextureOutput.h */ = {isa = PBXFileReference; fileEncoding = 4; lastKnownFileType = sourcecode.c.h; path = VgxTextureOutput.h; sourceTree = "<group>"; };
		968842BD27C3E0B4008EDB78 /* VgxOutput.h */ = {isa = PBXFileReference; fileEncoding = 4; lastKnownFileType = sourcecode.c.h; path = VgxOutput.h; sourceTree = "<group>"; };
		968842BF27C3E0B4008EDB78 /* VgxShaderUtil.cpp */ = {isa = PBXFileReference; fileEncoding = 4; lastKnownFileType = sourcecode.cpp.cpp; path = VgxShaderUtil.cpp; sourceTree = "<group>"; };
		968842C027C3E0B4008EDB78 /* VgxVec2f.cpp */ = {isa = PBXFileReference; fileEncoding = 4; lastKnownFileType = sourcecode.cpp.cpp; path = VgxVec2f.cpp; sourceTree = "<group>"; };
		968842C127C3E0B4008EDB78 /* VgxVec2f.h */ = {isa = PBXFileReference; fileEncoding = 4; lastKnownFileType = sourcecode.c.h; path = VgxVec2f.h; sourceTree = "<group>"; };
		968842C227C3E0B4008EDB78 /* VgxGL.h */ = {isa = PBXFileReference; fileEncoding = 4; lastKnownFileType = sourcecode.c.h; path = VgxGL.h; sourceTree = "<group>"; };
		968842C327C3E0B4008EDB78 /* VgxShaderUtil.h */ = {isa = PBXFileReference; fileEncoding = 4; lastKnownFileType = sourcecode.c.h; path = VgxShaderUtil.h; sourceTree = "<group>"; };
		968842C427C3E0B4008EDB78 /* VgxLog.h */ = {isa = PBXFileReference; fileEncoding = 4; lastKnownFileType = sourcecode.c.h; path = VgxLog.h; sourceTree = "<group>"; };
		968842C627C3E0B4008EDB78 /* VgxEngine.cpp */ = {isa = PBXFileReference; fileEncoding = 4; lastKnownFileType = sourcecode.cpp.cpp; path = VgxEngine.cpp; sourceTree = "<group>"; };
		968842C727C3E0B4008EDB78 /* VgxBridge.h */ = {isa = PBXFileReference; fileEncoding = 4; lastKnownFileType = sourcecode.c.h; path = VgxBridge.h; sourceTree = "<group>"; };
		968842C827C3E0B4008EDB78 /* VgxEngine.h */ = {isa = PBXFileReference; fileEncoding = 4; lastKnownFileType = sourcecode.c.h; path = VgxEngine.h; sourceTree = "<group>"; };
		968842CA27C3E0B4008EDB78 /* VgxFilter.h */ = {isa = PBXFileReference; fileEncoding = 4; lastKnownFileType = sourcecode.c.h; path = VgxFilter.h; sourceTree = "<group>"; };
		968842CB27C3E0B4008EDB78 /* VgxShader.h */ = {isa = PBXFileReference; fileEncoding = 4; lastKnownFileType = sourcecode.c.h; path = VgxShader.h; sourceTree = "<group>"; };
		968842CC27C3E0B4008EDB78 /* VgxFilter.cpp */ = {isa = PBXFileReference; fileEncoding = 4; lastKnownFileType = sourcecode.cpp.cpp; path = VgxFilter.cpp; sourceTree = "<group>"; };
		9688430627C3E1DF008EDB78 /* VisualEffect.docc */ = {isa = PBXFileReference; lastKnownFileType = folder.documentationcatalog; path = VisualEffect.docc; sourceTree = "<group>"; };
		96CEB2C927C4A4BB004E1812 /* VgaModel.cpp */ = {isa = PBXFileReference; lastKnownFileType = sourcecode.cpp.cpp; path = VgaModel.cpp; sourceTree = "<group>"; };
		96CEB2CA27C4A4BB004E1812 /* VgaModel.h */ = {isa = PBXFileReference; lastKnownFileType = sourcecode.c.h; path = VgaModel.h; sourceTree = "<group>"; };
		96F425E127C53C8200D441A6 /* fwd.h */ = {isa = PBXFileReference; fileEncoding = 4; lastKnownFileType = sourcecode.c.h; path = fwd.h; sourceTree = "<group>"; };
		96F425E227C53C8200D441A6 /* memorystream.h */ = {isa = PBXFileReference; fileEncoding = 4; lastKnownFileType = sourcecode.c.h; path = memorystream.h; sourceTree = "<group>"; };
		96F425E327C53C8200D441A6 /* reader.h */ = {isa = PBXFileReference; fileEncoding = 4; lastKnownFileType = sourcecode.c.h; path = reader.h; sourceTree = "<group>"; };
		96F425E427C53C8200D441A6 /* prettywriter.h */ = {isa = PBXFileReference; fileEncoding = 4; lastKnownFileType = sourcecode.c.h; path = prettywriter.h; sourceTree = "<group>"; };
		96F425E527C53C8200D441A6 /* ostreamwrapper.h */ = {isa = PBXFileReference; fileEncoding = 4; lastKnownFileType = sourcecode.c.h; path = ostreamwrapper.h; sourceTree = "<group>"; };
		96F425E627C53C8200D441A6 /* encodedstream.h */ = {isa = PBXFileReference; fileEncoding = 4; lastKnownFileType = sourcecode.c.h; path = encodedstream.h; sourceTree = "<group>"; };
		96F425E727C53C8200D441A6 /* filereadstream.h */ = {isa = PBXFileReference; fileEncoding = 4; lastKnownFileType = sourcecode.c.h; path = filereadstream.h; sourceTree = "<group>"; };
		96F425E827C53C8200D441A6 /* cursorstreamwrapper.h */ = {isa = PBXFileReference; fileEncoding = 4; lastKnownFileType = sourcecode.c.h; path = cursorstreamwrapper.h; sourceTree = "<group>"; };
		96F425E927C53C8200D441A6 /* istreamwrapper.h */ = {isa = PBXFileReference; fileEncoding = 4; lastKnownFileType = sourcecode.c.h; path = istreamwrapper.h; sourceTree = "<group>"; };
		96F425EA27C53C8200D441A6 /* uri.h */ = {isa = PBXFileReference; fileEncoding = 4; lastKnownFileType = sourcecode.c.h; path = uri.h; sourceTree = "<group>"; };
		96F425EB27C53C8200D441A6 /* stringbuffer.h */ = {isa = PBXFileReference; fileEncoding = 4; lastKnownFileType = sourcecode.c.h; path = stringbuffer.h; sourceTree = "<group>"; };
		96F425ED27C53C8200D441A6 /* ieee754.h */ = {isa = PBXFileReference; fileEncoding = 4; lastKnownFileType = sourcecode.c.h; path = ieee754.h; sourceTree = "<group>"; };
		96F425EE27C53C8200D441A6 /* strtod.h */ = {isa = PBXFileReference; fileEncoding = 4; lastKnownFileType = sourcecode.c.h; path = strtod.h; sourceTree = "<group>"; };
		96F425EF27C53C8200D441A6 /* swap.h */ = {isa = PBXFileReference; fileEncoding = 4; lastKnownFileType = sourcecode.c.h; path = swap.h; sourceTree = "<group>"; };
		96F425F027C53C8200D441A6 /* regex.h */ = {isa = PBXFileReference; fileEncoding = 4; lastKnownFileType = sourcecode.c.h; path = regex.h; sourceTree = "<group>"; };
		96F425F127C53C8200D441A6 /* diyfp.h */ = {isa = PBXFileReference; fileEncoding = 4; lastKnownFileType = sourcecode.c.h; path = diyfp.h; sourceTree = "<group>"; };
		96F425F227C53C8200D441A6 /* biginteger.h */ = {isa = PBXFileReference; fileEncoding = 4; lastKnownFileType = sourcecode.c.h; path = biginteger.h; sourceTree = "<group>"; };
		96F425F327C53C8200D441A6 /* strfunc.h */ = {isa = PBXFileReference; fileEncoding = 4; lastKnownFileType = sourcecode.c.h; path = strfunc.h; sourceTree = "<group>"; };
		96F425F427C53C8200D441A6 /* itoa.h */ = {isa = PBXFileReference; fileEncoding = 4; lastKnownFileType = sourcecode.c.h; path = itoa.h; sourceTree = "<group>"; };
		96F425F527C53C8200D441A6 /* stack.h */ = {isa = PBXFileReference; fileEncoding = 4; lastKnownFileType = sourcecode.c.h; path = stack.h; sourceTree = "<group>"; };
		96F425F627C53C8200D441A6 /* dtoa.h */ = {isa = PBXFileReference; fileEncoding = 4; lastKnownFileType = sourcecode.c.h; path = dtoa.h; sourceTree = "<group>"; };
		96F425F727C53C8200D441A6 /* clzll.h */ = {isa = PBXFileReference; fileEncoding = 4; lastKnownFileType = sourcecode.c.h; path = clzll.h; sourceTree = "<group>"; };
		96F425F827C53C8200D441A6 /* meta.h */ = {isa = PBXFileReference; fileEncoding = 4; lastKnownFileType = sourcecode.c.h; path = meta.h; sourceTree = "<group>"; };
		96F425F927C53C8200D441A6 /* pow10.h */ = {isa = PBXFileReference; fileEncoding = 4; lastKnownFileType = sourcecode.c.h; path = pow10.h; sourceTree = "<group>"; };
		96F425FA27C53C8200D441A6 /* encodings.h */ = {isa = PBXFileReference; fileEncoding = 4; lastKnownFileType = sourcecode.c.h; path = encodings.h; sourceTree = "<group>"; };
		96F425FB27C53C8200D441A6 /* schema.h */ = {isa = PBXFileReference; fileEncoding = 4; lastKnownFileType = sourcecode.c.h; path = schema.h; sourceTree = "<group>"; };
		96F425FC27C53C8200D441A6 /* stream.h */ = {isa = PBXFileReference; fileEncoding = 4; lastKnownFileType = sourcecode.c.h; path = stream.h; sourceTree = "<group>"; };
		96F425FD27C53C8200D441A6 /* filewritestream.h */ = {isa = PBXFileReference; fileEncoding = 4; lastKnownFileType = sourcecode.c.h; path = filewritestream.h; sourceTree = "<group>"; };
		96F425FE27C53C8200D441A6 /* rapidjson.h */ = {isa = PBXFileReference; fileEncoding = 4; lastKnownFileType = sourcecode.c.h; path = rapidjson.h; sourceTree = "<group>"; };
		96F425FF27C53C8200D441A6 /* document.h */ = {isa = PBXFileReference; fileEncoding = 4; lastKnownFileType = sourcecode.c.h; path = document.h; sourceTree = "<group>"; };
		96F4260027C53C8200D441A6 /* allocators.h */ = {isa = PBXFileReference; fileEncoding = 4; lastKnownFileType = sourcecode.c.h; path = allocators.h; sourceTree = "<group>"; };
		96F4260127C53C8200D441A6 /* writer.h */ = {isa = PBXFileReference; fileEncoding = 4; lastKnownFileType = sourcecode.c.h; path = writer.h; sourceTree = "<group>"; };
		96F4260327C53C8200D441A6 /* error.h */ = {isa = PBXFileReference; fileEncoding = 4; lastKnownFileType = sourcecode.c.h; path = error.h; sourceTree = "<group>"; };
		96F4260427C53C8200D441A6 /* en.h */ = {isa = PBXFileReference; fileEncoding = 4; lastKnownFileType = sourcecode.c.h; path = en.h; sourceTree = "<group>"; };
		96F4260527C53C8200D441A6 /* memorybuffer.h */ = {isa = PBXFileReference; fileEncoding = 4; lastKnownFileType = sourcecode.c.h; path = memorybuffer.h; sourceTree = "<group>"; };
		96F4260627C53C8200D441A6 /* pointer.h */ = {isa = PBXFileReference; fileEncoding = 4; lastKnownFileType = sourcecode.c.h; path = pointer.h; sourceTree = "<group>"; };
		96F4260827C53C8200D441A6 /* inttypes.h */ = {isa = PBXFileReference; fileEncoding = 4; lastKnownFileType = sourcecode.c.h; path = inttypes.h; sourceTree = "<group>"; };
		96F4260927C53C8200D441A6 /* stdint.h */ = {isa = PBXFileReference; fileEncoding = 4; lastKnownFileType = sourcecode.c.h; path = stdint.h; sourceTree = "<group>"; };
		96F4261427C5D39300D441A6 /* Vfx.h */ = {isa = PBXFileReference; lastKnownFileType = sourcecode.c.h; path = Vfx.h; sourceTree = "<group>"; };
/* End PBXFileReference section */

/* Begin PBXFrameworksBuildPhase section */
		967409F727C1F0520047AF24 /* Frameworks */ = {
			isa = PBXFrameworksBuildPhase;
			buildActionMask = 2147483647;
			files = (
			);
			runOnlyForDeploymentPostprocessing = 0;
		};
/* End PBXFrameworksBuildPhase section */

/* Begin PBXGroup section */
		967409F127C1F0520047AF24 = {
			isa = PBXGroup;
			children = (
				9688430627C3E1DF008EDB78 /* VisualEffect.docc */,
				967409FC27C1F0520047AF24 /* VisualEffect */,
				967409FB27C1F0520047AF24 /* Products */,
			);
			sourceTree = "<group>";
		};
		967409FB27C1F0520047AF24 /* Products */ = {
			isa = PBXGroup;
			children = (
				967409FA27C1F0520047AF24 /* libVisualEffect.a */,
			);
			name = Products;
			sourceTree = "<group>";
		};
		967409FC27C1F0520047AF24 /* VisualEffect */ = {
			isa = PBXGroup;
			children = (
				9688430827C3E2B1008EDB78 /* platform */,
				968842D627C3E191008EDB78 /* vfx */,
				968842AB27C3E0B4008EDB78 /* vgx */,
				967409FD27C1F0520047AF24 /* VisualEffect.h */,
				967409FE27C1F0520047AF24 /* VisualEffect.m */,
			);
			path = VisualEffect;
			sourceTree = "<group>";
		};
		967C6E9E27C529A500F83E6F /* render */ = {
			isa = PBXGroup;
			children = (
				967C6E9F27C529A500F83E6F /* CGPixel.h */,
				967C6ECD27C529A600F83E6F /* CGPixelDefine.h */,
				967C6ECE27C529A600F83E6F /* CGPixelUtils.h */,
				967C6EA527C529A500F83E6F /* CGPixelUtils.m */,
				967C6EA627C529A500F83E6F /* core */,
				967C6ECF27C529A600F83E6F /* filter */,
				967C6EB327C529A500F83E6F /* input */,
				967C6EC027C529A600F83E6F /* output */,
				967C6EA027C529A500F83E6F /* pipeline */,
			);
			path = render;
			sourceTree = "<group>";
		};
		967C6EA027C529A500F83E6F /* pipeline */ = {
			isa = PBXGroup;
			children = (
				967C6EA127C529A500F83E6F /* CGPixelRenderPipeline.h */,
				967C6EA227C529A500F83E6F /* CGPixelPipelineOutput.m */,
				967C6EA327C529A500F83E6F /* CGPixelRenderPipeline.m */,
				967C6EA427C529A500F83E6F /* CGPixelPipelineOutput.h */,
			);
			path = pipeline;
			sourceTree = "<group>";
		};
		967C6EA627C529A500F83E6F /* core */ = {
			isa = PBXGroup;
			children = (
				967C6EA727C529A500F83E6F /* CGPixelFramebufferCache.m */,
				967C6EA827C529A500F83E6F /* CGPixelOutput.h */,
				967C6EA927C529A500F83E6F /* CGPixelFramebuffer.m */,
				967C6EAA27C529A500F83E6F /* CGPixelFilterInput.h */,
				967C6EAB27C529A500F83E6F /* CGPixelContext.m */,
				967C6EAC27C529A500F83E6F /* CGPixelProgram.h */,
				967C6EAD27C529A500F83E6F /* CGPixelInput.h */,
				967C6EAE27C529A500F83E6F /* CGPixelFramebufferCache.h */,
				967C6EAF27C529A500F83E6F /* CGPixelFramebuffer.h */,
				967C6EB027C529A500F83E6F /* CGPixelOutput.m */,
				967C6EB127C529A500F83E6F /* CGPixelProgram.m */,
				967C6EB227C529A500F83E6F /* CGPixelContext.h */,
			);
			path = core;
			sourceTree = "<group>";
		};
		967C6EB327C529A500F83E6F /* input */ = {
			isa = PBXGroup;
			children = (
				967C6EB427C529A600F83E6F /* CGPixelVideoInput.h */,
				967C6EB527C529A600F83E6F /* CGPixelPixelBufferInput.m */,
				967C6EB627C529A600F83E6F /* CGPixelTextureInput.m */,
				967C6EB727C529A600F83E6F /* CGPixelRawDataInput.h */,
				967C6EB827C529A600F83E6F /* CGPixelCameraInput.h */,
				967C6EB927C529A600F83E6F /* CGPixelImageInput.m */,
				967C6EBA27C529A600F83E6F /* CGPixelVideoInput.m */,
				967C6EBB27C529A600F83E6F /* CGPixelTextureInput.h */,
				967C6EBC27C529A600F83E6F /* CGPixelPixelBufferInput.h */,
				967C6EBD27C529A600F83E6F /* CGPixelCameraInput.m */,
				967C6EBE27C529A600F83E6F /* CGPixelRawDataInput.m */,
				967C6EBF27C529A600F83E6F /* CGPixelImageInput.h */,
			);
			path = input;
			sourceTree = "<group>";
		};
		967C6EC027C529A600F83E6F /* output */ = {
			isa = PBXGroup;
			children = (
				967C6EC127C529A600F83E6F /* CGPixelViewOutput.h */,
				967C6EC227C529A600F83E6F /* CGPixelImageOutput.m */,
				967C6EC327C529A600F83E6F /* CGPixelTextureOutput.h */,
				967C6EC427C529A600F83E6F /* CGPixelRawDataOutput.h */,
				967C6EC527C529A600F83E6F /* CGPixelPixelbufferOutput.m */,
				967C6EC627C529A600F83E6F /* CGPixelTargetOutput.m */,
				967C6EC727C529A600F83E6F /* CGPixelViewOutput.m */,
				967C6EC827C529A600F83E6F /* CGPixelTextureOutput.m */,
				967C6EC927C529A600F83E6F /* CGPixelImageOutput.h */,
				967C6ECA27C529A600F83E6F /* CGPixelTargetOutput.h */,
				967C6ECB27C529A600F83E6F /* CGPixelPixelbufferOutput.h */,
				967C6ECC27C529A600F83E6F /* CGPixelRawDataOutput.m */,
			);
			path = output;
			sourceTree = "<group>";
		};
		967C6ECF27C529A600F83E6F /* filter */ = {
			isa = PBXGroup;
			children = (
				967C6ED027C529A600F83E6F /* CGPixelVortexFilter.m */,
				967C6ED127C529A600F83E6F /* CGPixelFilter.m */,
				967C6ED227C529A600F83E6F /* CGPixelVortexFilter.fsh */,
				967C6ED327C529A600F83E6F /* CGPixelRadialRotateBlurFilter.h */,
				967C6ED427C529A600F83E6F /* CGPixelShakeFilter.h */,
				967C6ED527C529A600F83E6F /* CGPixelRadialScaleBlurFilter.m */,
				967C6ED627C529A600F83E6F /* CGPixelGrayFilter.fsh */,
				967C6ED727C529A600F83E6F /* CGPixelGrayFilter.h */,
				967C6ED827C529A600F83E6F /* CGPixelGlitchFilter.m */,
				967C6ED927C529A600F83E6F /* CGPixelRadialFastBlurFilter.h */,
				967C6EDA27C529A600F83E6F /* CGPixelRadialFastBlurFilter.fsh */,
				967C6EDB27C529A600F83E6F /* CGPixelSoulFilter.m */,
				967C6EDC27C529A600F83E6F /* CGPixelRadialRotateBlurFilter.fsh */,
				967C6EDD27C529A600F83E6F /* CGPixelGlitchFilter.fsh */,
				967C6EDE27C529A600F83E6F /* CGPixelRadialScaleBlurFilter.fsh */,
				967C6EDF27C529A600F83E6F /* CGPixelRadialRotateBlurFilter.m */,
				967C6EE027C529A600F83E6F /* CGPixelFilter.h */,
				967C6EE127C529A600F83E6F /* CGPixelSoulFilter.fsh */,
				967C6EE227C529A600F83E6F /* CGPixelVortexFilter.h */,
				967C6EE327C529A600F83E6F /* CGPixelGrayFilter.m */,
				967C6EE427C529A600F83E6F /* CGPixelGlitchFilter.h */,
				967C6EE527C529A600F83E6F /* CGPixelRadialScaleBlurFilter.h */,
				967C6EE627C529A600F83E6F /* CGPixelShakeFilter.m */,
				967C6EE727C529A600F83E6F /* CGPixelShakeFilter.fsh */,
				967C6EE827C529A600F83E6F /* CGPixelSoulFilter.h */,
				967C6EE927C529A600F83E6F /* CGPixelRadialFastBlurFilter.m */,
			);
			path = filter;
			sourceTree = "<group>";
		};
		967C6F0727C52C1B00F83E6F /* view */ = {
			isa = PBXGroup;
			children = (
				967C6F0B27C52C7C00F83E6F /* VeView.h */,
				967C6F0C27C52C7C00F83E6F /* VeView.m */,
				967C6F0E27C52D6F00F83E6F /* VeContext.h */,
				967C6F0F27C52D6F00F83E6F /* VeContext.mm */,
			);
			path = view;
			sourceTree = "<group>";
		};
		968842AB27C3E0B4008EDB78 /* vgx */ = {
			isa = PBXGroup;
			children = (
				968842C527C3E0B4008EDB78 /* public */,
				968842AC27C3E0B4008EDB78 /* core */,
				968842B727C3E0B4008EDB78 /* input */,
				968842BB27C3E0B4008EDB78 /* output */,
				968842BE27C3E0B4008EDB78 /* utils */,
				968842C927C3E0B4008EDB78 /* filter */,
			);
			name = vgx;
			path = ../../../src/vgx;
			sourceTree = "<group>";
		};
		968842AC27C3E0B4008EDB78 /* core */ = {
			isa = PBXGroup;
			children = (
				968842B627C3E0B4008EDB78 /* VgxFramebuffer.cpp */,
				968842B027C3E0B4008EDB78 /* VgxFramebuffer.h */,
				968842B327C3E0B4008EDB78 /* VgxFramebufferCache.cpp */,
				968842AD27C3E0B4008EDB78 /* VgxFramebufferCache.h */,
				968842B127C3E0B4008EDB78 /* VgxProgram.cpp */,
				968842AF27C3E0B4008EDB78 /* VgxProgram.h */,
				968842B427C3E0B4008EDB78 /* VgxTexture.cpp */,
				968842AE27C3E0B4008EDB78 /* VgxTexture.h */,
				968842B227C3E0B4008EDB78 /* VgxInterface.cpp */,
				968842B527C3E0B4008EDB78 /* VgxInterface.h */,
			);
			path = core;
			sourceTree = "<group>";
		};
		968842B727C3E0B4008EDB78 /* input */ = {
			isa = PBXGroup;
			children = (
				968842B827C3E0B4008EDB78 /* VgxDataInput.h */,
				968842BA27C3E0B4008EDB78 /* IVgxInput.h */,
				968842B927C3E0B4008EDB78 /* VgxTextureInput.h */,
			);
			path = input;
			sourceTree = "<group>";
		};
		968842BB27C3E0B4008EDB78 /* output */ = {
			isa = PBXGroup;
			children = (
				968842BD27C3E0B4008EDB78 /* VgxOutput.h */,
				968842BC27C3E0B4008EDB78 /* VgxTextureOutput.h */,
			);
			path = output;
			sourceTree = "<group>";
		};
		968842BE27C3E0B4008EDB78 /* utils */ = {
			isa = PBXGroup;
			children = (
				968842C427C3E0B4008EDB78 /* VgxLog.h */,
				968842C227C3E0B4008EDB78 /* VgxGL.h */,
				968842BF27C3E0B4008EDB78 /* VgxShaderUtil.cpp */,
				968842C327C3E0B4008EDB78 /* VgxShaderUtil.h */,
				968842C027C3E0B4008EDB78 /* VgxVec2f.cpp */,
				968842C127C3E0B4008EDB78 /* VgxVec2f.h */,
			);
			path = utils;
			sourceTree = "<group>";
		};
		968842C527C3E0B4008EDB78 /* public */ = {
			isa = PBXGroup;
			children = (
				968842C727C3E0B4008EDB78 /* VgxBridge.h */,
				968842C627C3E0B4008EDB78 /* VgxEngine.cpp */,
				968842C827C3E0B4008EDB78 /* VgxEngine.h */,
				967C6F1527C530DC00F83E6F /* Vgx.h */,
			);
			path = public;
			sourceTree = "<group>";
		};
		968842C927C3E0B4008EDB78 /* filter */ = {
			isa = PBXGroup;
			children = (
				962833E727C69182008C431C /* IVgxFilter.h */,
				968842CC27C3E0B4008EDB78 /* VgxFilter.cpp */,
				968842CA27C3E0B4008EDB78 /* VgxFilter.h */,
				968842CB27C3E0B4008EDB78 /* VgxShader.h */,
			);
			path = filter;
			sourceTree = "<group>";
		};
		968842D627C3E191008EDB78 /* vfx */ = {
			isa = PBXGroup;
			children = (
				96F4261027C5CF4C00D441A6 /* public */,
				968842D727C3E191008EDB78 /* third */,
				9688430227C3E191008EDB78 /* json */,
			);
			name = vfx;
			path = ../../../src/vfx;
			sourceTree = "<group>";
		};
		968842D727C3E191008EDB78 /* third */ = {
			isa = PBXGroup;
			children = (
				96F425E027C53C8200D441A6 /* rapidjson */,
			);
			path = third;
			sourceTree = "<group>";
		};
		9688430227C3E191008EDB78 /* json */ = {
			isa = PBXGroup;
			children = (
				96CEB2C927C4A4BB004E1812 /* VgaModel.cpp */,
				96CEB2CA27C4A4BB004E1812 /* VgaModel.h */,
			);
			path = json;
			sourceTree = "<group>";
		};
		9688430827C3E2B1008EDB78 /* platform */ = {
			isa = PBXGroup;
			children = (
				9688430927C3E2B1008EDB78 /* ios */,
			);
			name = platform;
			path = ../../../src/platform;
			sourceTree = "<group>";
		};
		9688430927C3E2B1008EDB78 /* ios */ = {
			isa = PBXGroup;
			children = (
				967C6F0727C52C1B00F83E6F /* view */,
				967C6E9E27C529A500F83E6F /* render */,
			);
			path = ios;
			sourceTree = "<group>";
		};
		96F425E027C53C8200D441A6 /* rapidjson */ = {
			isa = PBXGroup;
			children = (
				96F425E127C53C8200D441A6 /* fwd.h */,
				96F425E227C53C8200D441A6 /* memorystream.h */,
				96F425E327C53C8200D441A6 /* reader.h */,
				96F425E427C53C8200D441A6 /* prettywriter.h */,
				96F425E527C53C8200D441A6 /* ostreamwrapper.h */,
				96F425E627C53C8200D441A6 /* encodedstream.h */,
				96F425E727C53C8200D441A6 /* filereadstream.h */,
				96F425E827C53C8200D441A6 /* cursorstreamwrapper.h */,
				96F425E927C53C8200D441A6 /* istreamwrapper.h */,
				96F425EA27C53C8200D441A6 /* uri.h */,
				96F425EB27C53C8200D441A6 /* stringbuffer.h */,
				96F425EC27C53C8200D441A6 /* internal */,
				96F425FA27C53C8200D441A6 /* encodings.h */,
				96F425FB27C53C8200D441A6 /* schema.h */,
				96F425FC27C53C8200D441A6 /* stream.h */,
				96F425FD27C53C8200D441A6 /* filewritestream.h */,
				96F425FE27C53C8200D441A6 /* rapidjson.h */,
				96F425FF27C53C8200D441A6 /* document.h */,
				96F4260027C53C8200D441A6 /* allocators.h */,
				96F4260127C53C8200D441A6 /* writer.h */,
				96F4260227C53C8200D441A6 /* error */,
				96F4260527C53C8200D441A6 /* memorybuffer.h */,
				96F4260627C53C8200D441A6 /* pointer.h */,
				96F4260727C53C8200D441A6 /* msinttypes */,
			);
			path = rapidjson;
			sourceTree = "<group>";
		};
		96F425EC27C53C8200D441A6 /* internal */ = {
			isa = PBXGroup;
			children = (
				96F425ED27C53C8200D441A6 /* ieee754.h */,
				96F425EE27C53C8200D441A6 /* strtod.h */,
				96F425EF27C53C8200D441A6 /* swap.h */,
				96F425F027C53C8200D441A6 /* regex.h */,
				96F425F127C53C8200D441A6 /* diyfp.h */,
				96F425F227C53C8200D441A6 /* biginteger.h */,
				96F425F327C53C8200D441A6 /* strfunc.h */,
				96F425F427C53C8200D441A6 /* itoa.h */,
				96F425F527C53C8200D441A6 /* stack.h */,
				96F425F627C53C8200D441A6 /* dtoa.h */,
				96F425F727C53C8200D441A6 /* clzll.h */,
				96F425F827C53C8200D441A6 /* meta.h */,
				96F425F927C53C8200D441A6 /* pow10.h */,
			);
			path = internal;
			sourceTree = "<group>";
		};
		96F4260227C53C8200D441A6 /* error */ = {
			isa = PBXGroup;
			children = (
				96F4260327C53C8200D441A6 /* error.h */,
				96F4260427C53C8200D441A6 /* en.h */,
			);
			path = error;
			sourceTree = "<group>";
		};
		96F4260727C53C8200D441A6 /* msinttypes */ = {
			isa = PBXGroup;
			children = (
				96F4260827C53C8200D441A6 /* inttypes.h */,
				96F4260927C53C8200D441A6 /* stdint.h */,
			);
			path = msinttypes;
			sourceTree = "<group>";
		};
		96F4261027C5CF4C00D441A6 /* public */ = {
			isa = PBXGroup;
			children = (
				96F4261427C5D39300D441A6 /* Vfx.h */,
			);
			path = public;
			sourceTree = "<group>";
		};
/* End PBXGroup section */

/* Begin PBXNativeTarget section */
		967409F927C1F0520047AF24 /* VisualEffect */ = {
			isa = PBXNativeTarget;
			buildConfigurationList = 96740A0327C1F0520047AF24 /* Build configuration list for PBXNativeTarget "VisualEffect" */;
			buildPhases = (
				967409F627C1F0520047AF24 /* Sources */,
				967409F727C1F0520047AF24 /* Frameworks */,
				967409F827C1F0520047AF24 /* CopyFiles */,
			);
			buildRules = (
			);
			dependencies = (
			);
			name = VisualEffect;
			productName = libVisualEffect;
			productReference = 967409FA27C1F0520047AF24 /* libVisualEffect.a */;
			productType = "com.apple.product-type.library.static";
		};
/* End PBXNativeTarget section */

/* Begin PBXProject section */
		967409F227C1F0520047AF24 /* Project object */ = {
			isa = PBXProject;
			attributes = {
				BuildIndependentTargetsInParallel = 1;
				LastUpgradeCheck = 1320;
				TargetAttributes = {
					967409F927C1F0520047AF24 = {
						CreatedOnToolsVersion = 13.2.1;
					};
				};
			};
			buildConfigurationList = 967409F527C1F0520047AF24 /* Build configuration list for PBXProject "VisualEffect" */;
			compatibilityVersion = "Xcode 13.0";
			developmentRegion = en;
			hasScannedForEncodings = 0;
			knownRegions = (
				en,
				Base,
			);
			mainGroup = 967409F127C1F0520047AF24;
			productRefGroup = 967409FB27C1F0520047AF24 /* Products */;
			projectDirPath = "";
			projectRoot = "";
			targets = (
				967409F927C1F0520047AF24 /* VisualEffect */,
			);
		};
/* End PBXProject section */

/* Begin PBXSourcesBuildPhase section */
		967409F627C1F0520047AF24 /* Sources */ = {
			isa = PBXSourcesBuildPhase;
			buildActionMask = 2147483647;
			files = (
				968842D227C3E0B4008EDB78 /* VgxShaderUtil.cpp in Sources */,
				968842CE27C3E0B4008EDB78 /* VgxInterface.cpp in Sources */,
				967C6EF327C529A600F83E6F /* CGPixelTextureInput.m in Sources */,
				967C6F0027C529A600F83E6F /* CGPixelRadialScaleBlurFilter.m in Sources */,
				968842D527C3E0B4008EDB78 /* VgxFilter.cpp in Sources */,
				967C6EF627C529A600F83E6F /* CGPixelCameraInput.m in Sources */,
				967C6EFC27C529A600F83E6F /* CGPixelTextureOutput.m in Sources */,
				967C6EF027C529A600F83E6F /* CGPixelOutput.m in Sources */,
				968842D127C3E0B4008EDB78 /* VgxFramebuffer.cpp in Sources */,
				967C6EFF27C529A600F83E6F /* CGPixelFilter.m in Sources */,
				967C6EF827C529A600F83E6F /* CGPixelImageOutput.m in Sources */,
				967C6EFB27C529A600F83E6F /* CGPixelViewOutput.m in Sources */,
				968842CD27C3E0B4008EDB78 /* VgxProgram.cpp in Sources */,
				967C6EF427C529A600F83E6F /* CGPixelImageInput.m in Sources */,
				967C6EED27C529A600F83E6F /* CGPixelFramebufferCache.m in Sources */,
				967C6EEA27C529A600F83E6F /* CGPixelPipelineOutput.m in Sources */,
				968842CF27C3E0B4008EDB78 /* VgxFramebufferCache.cpp in Sources */,
				967C6F0D27C52C7C00F83E6F /* VeView.m in Sources */,
				967C6EEE27C529A600F83E6F /* CGPixelFramebuffer.m in Sources */,
				9688430727C3E1DF008EDB78 /* VisualEffect.docc in Sources */,
				967C6F0227C529A600F83E6F /* CGPixelSoulFilter.m in Sources */,
				967C6EEC27C529A600F83E6F /* CGPixelUtils.m in Sources */,
				967C6EFE27C529A600F83E6F /* CGPixelVortexFilter.m in Sources */,
				967C6F0627C529A600F83E6F /* CGPixelRadialFastBlurFilter.m in Sources */,
				967C6EF227C529A600F83E6F /* CGPixelPixelBufferInput.m in Sources */,
				967C6EFD27C529A600F83E6F /* CGPixelRawDataOutput.m in Sources */,
				96CEB2CB27C4A4BB004E1812 /* VgaModel.cpp in Sources */,
				968842D027C3E0B4008EDB78 /* VgxTexture.cpp in Sources */,
				967C6EEB27C529A600F83E6F /* CGPixelRenderPipeline.m in Sources */,
				967C6EFA27C529A600F83E6F /* CGPixelTargetOutput.m in Sources */,
				967C6F0427C529A600F83E6F /* CGPixelGrayFilter.m in Sources */,
				968842D327C3E0B4008EDB78 /* VgxVec2f.cpp in Sources */,
				967C6EF527C529A600F83E6F /* CGPixelVideoInput.m in Sources */,
				967409FF27C1F0520047AF24 /* VisualEffect.m in Sources */,
				967C6EF927C529A600F83E6F /* CGPixelPixelbufferOutput.m in Sources */,
				967C6EF727C529A600F83E6F /* CGPixelRawDataInput.m in Sources */,
				967C6F0327C529A600F83E6F /* CGPixelRadialRotateBlurFilter.m in Sources */,
				967C6EF127C529A600F83E6F /* CGPixelProgram.m in Sources */,
				967C6F1027C52D6F00F83E6F /* VeContext.mm in Sources */,
				967C6F0127C529A600F83E6F /* CGPixelGlitchFilter.m in Sources */,
				967C6EEF27C529A600F83E6F /* CGPixelContext.m in Sources */,
				967C6F0527C529A600F83E6F /* CGPixelShakeFilter.m in Sources */,
				968842D427C3E0B4008EDB78 /* VgxEngine.cpp in Sources */,
			);
			runOnlyForDeploymentPostprocessing = 0;
		};
/* End PBXSourcesBuildPhase section */

/* Begin XCBuildConfiguration section */
		96740A0127C1F0520047AF24 /* Debug */ = {
			isa = XCBuildConfiguration;
			buildSettings = {
				ALWAYS_SEARCH_USER_PATHS = NO;
				CLANG_ANALYZER_NONNULL = YES;
				CLANG_ANALYZER_NUMBER_OBJECT_CONVERSION = YES_AGGRESSIVE;
				CLANG_CXX_LANGUAGE_STANDARD = "gnu++17";
				CLANG_CXX_LIBRARY = "libc++";
				CLANG_ENABLE_MODULES = YES;
				CLANG_ENABLE_OBJC_ARC = YES;
				CLANG_ENABLE_OBJC_WEAK = YES;
				CLANG_WARN_BLOCK_CAPTURE_AUTORELEASING = YES;
				CLANG_WARN_BOOL_CONVERSION = YES;
				CLANG_WARN_COMMA = YES;
				CLANG_WARN_CONSTANT_CONVERSION = YES;
				CLANG_WARN_DEPRECATED_OBJC_IMPLEMENTATIONS = YES;
				CLANG_WARN_DIRECT_OBJC_ISA_USAGE = YES_ERROR;
				CLANG_WARN_DOCUMENTATION_COMMENTS = YES;
				CLANG_WARN_EMPTY_BODY = YES;
				CLANG_WARN_ENUM_CONVERSION = YES;
				CLANG_WARN_INFINITE_RECURSION = YES;
				CLANG_WARN_INT_CONVERSION = YES;
				CLANG_WARN_NON_LITERAL_NULL_CONVERSION = YES;
				CLANG_WARN_OBJC_IMPLICIT_RETAIN_SELF = YES;
				CLANG_WARN_OBJC_LITERAL_CONVERSION = YES;
				CLANG_WARN_OBJC_ROOT_CLASS = YES_ERROR;
				CLANG_WARN_QUOTED_INCLUDE_IN_FRAMEWORK_HEADER = YES;
				CLANG_WARN_RANGE_LOOP_ANALYSIS = YES;
				CLANG_WARN_STRICT_PROTOTYPES = YES;
				CLANG_WARN_SUSPICIOUS_MOVE = YES;
				CLANG_WARN_UNGUARDED_AVAILABILITY = YES_AGGRESSIVE;
				CLANG_WARN_UNREACHABLE_CODE = YES;
				CLANG_WARN__DUPLICATE_METHOD_MATCH = YES;
				COPY_PHASE_STRIP = NO;
				DEBUG_INFORMATION_FORMAT = dwarf;
				ENABLE_STRICT_OBJC_MSGSEND = YES;
				ENABLE_TESTABILITY = YES;
				GCC_C_LANGUAGE_STANDARD = gnu11;
				GCC_DYNAMIC_NO_PIC = NO;
				GCC_NO_COMMON_BLOCKS = YES;
				GCC_OPTIMIZATION_LEVEL = 0;
				GCC_PREPROCESSOR_DEFINITIONS = (
					"DEBUG=1",
					"$(inherited)",
				);
				GCC_WARN_64_TO_32_BIT_CONVERSION = YES;
				GCC_WARN_ABOUT_RETURN_TYPE = YES_ERROR;
				GCC_WARN_UNDECLARED_SELECTOR = YES;
				GCC_WARN_UNINITIALIZED_AUTOS = YES_AGGRESSIVE;
				GCC_WARN_UNUSED_FUNCTION = YES;
				GCC_WARN_UNUSED_VARIABLE = YES;
				IPHONEOS_DEPLOYMENT_TARGET = 11.4;
				MTL_ENABLE_DEBUG_INFO = INCLUDE_SOURCE;
				MTL_FAST_MATH = YES;
				ONLY_ACTIVE_ARCH = YES;
				SDKROOT = iphoneos;
			};
			name = Debug;
		};
		96740A0227C1F0520047AF24 /* Release */ = {
			isa = XCBuildConfiguration;
			buildSettings = {
				ALWAYS_SEARCH_USER_PATHS = NO;
				CLANG_ANALYZER_NONNULL = YES;
				CLANG_ANALYZER_NUMBER_OBJECT_CONVERSION = YES_AGGRESSIVE;
				CLANG_CXX_LANGUAGE_STANDARD = "gnu++17";
				CLANG_CXX_LIBRARY = "libc++";
				CLANG_ENABLE_MODULES = YES;
				CLANG_ENABLE_OBJC_ARC = YES;
				CLANG_ENABLE_OBJC_WEAK = YES;
				CLANG_WARN_BLOCK_CAPTURE_AUTORELEASING = YES;
				CLANG_WARN_BOOL_CONVERSION = YES;
				CLANG_WARN_COMMA = YES;
				CLANG_WARN_CONSTANT_CONVERSION = YES;
				CLANG_WARN_DEPRECATED_OBJC_IMPLEMENTATIONS = YES;
				CLANG_WARN_DIRECT_OBJC_ISA_USAGE = YES_ERROR;
				CLANG_WARN_DOCUMENTATION_COMMENTS = YES;
				CLANG_WARN_EMPTY_BODY = YES;
				CLANG_WARN_ENUM_CONVERSION = YES;
				CLANG_WARN_INFINITE_RECURSION = YES;
				CLANG_WARN_INT_CONVERSION = YES;
				CLANG_WARN_NON_LITERAL_NULL_CONVERSION = YES;
				CLANG_WARN_OBJC_IMPLICIT_RETAIN_SELF = YES;
				CLANG_WARN_OBJC_LITERAL_CONVERSION = YES;
				CLANG_WARN_OBJC_ROOT_CLASS = YES_ERROR;
				CLANG_WARN_QUOTED_INCLUDE_IN_FRAMEWORK_HEADER = YES;
				CLANG_WARN_RANGE_LOOP_ANALYSIS = YES;
				CLANG_WARN_STRICT_PROTOTYPES = YES;
				CLANG_WARN_SUSPICIOUS_MOVE = YES;
				CLANG_WARN_UNGUARDED_AVAILABILITY = YES_AGGRESSIVE;
				CLANG_WARN_UNREACHABLE_CODE = YES;
				CLANG_WARN__DUPLICATE_METHOD_MATCH = YES;
				COPY_PHASE_STRIP = NO;
				DEBUG_INFORMATION_FORMAT = "dwarf-with-dsym";
				ENABLE_NS_ASSERTIONS = NO;
				ENABLE_STRICT_OBJC_MSGSEND = YES;
				GCC_C_LANGUAGE_STANDARD = gnu11;
				GCC_NO_COMMON_BLOCKS = YES;
				GCC_WARN_64_TO_32_BIT_CONVERSION = YES;
				GCC_WARN_ABOUT_RETURN_TYPE = YES_ERROR;
				GCC_WARN_UNDECLARED_SELECTOR = YES;
				GCC_WARN_UNINITIALIZED_AUTOS = YES_AGGRESSIVE;
				GCC_WARN_UNUSED_FUNCTION = YES;
				GCC_WARN_UNUSED_VARIABLE = YES;
				IPHONEOS_DEPLOYMENT_TARGET = 11.4;
				MTL_ENABLE_DEBUG_INFO = NO;
				MTL_FAST_MATH = YES;
				SDKROOT = iphoneos;
				VALIDATE_PRODUCT = YES;
			};
			name = Release;
		};
		96740A0427C1F0520047AF24 /* Debug */ = {
			isa = XCBuildConfiguration;
			buildSettings = {
				CODE_SIGN_STYLE = Automatic;
				OTHER_LDFLAGS = "-ObjC";
				PRODUCT_NAME = "$(TARGET_NAME)";
				SKIP_INSTALL = YES;
				TARGETED_DEVICE_FAMILY = "1,2";
			};
			name = Debug;
		};
		96740A0527C1F0520047AF24 /* Release */ = {
			isa = XCBuildConfiguration;
			buildSettings = {
				CODE_SIGN_STYLE = Automatic;
				OTHER_LDFLAGS = "-ObjC";
				PRODUCT_NAME = "$(TARGET_NAME)";
				SKIP_INSTALL = YES;
				TARGETED_DEVICE_FAMILY = "1,2";
			};
			name = Release;
		};
/* End XCBuildConfiguration section */

/* Begin XCConfigurationList section */
		967409F527C1F0520047AF24 /* Build configuration list for PBXProject "VisualEffect" */ = {
			isa = XCConfigurationList;
			buildConfigurations = (
				96740A0127C1F0520047AF24 /* Debug */,
				96740A0227C1F0520047AF24 /* Release */,
			);
			defaultConfigurationIsVisible = 0;
			defaultConfigurationName = Release;
		};
		96740A0327C1F0520047AF24 /* Build configuration list for PBXNativeTarget "VisualEffect" */ = {
			isa = XCConfigurationList;
			buildConfigurations = (
				96740A0427C1F0520047AF24 /* Debug */,
				96740A0527C1F0520047AF24 /* Release */,
			);
			defaultConfigurationIsVisible = 0;
			defaultConfigurationName = Release;
		};
/* End XCConfigurationList section */
	};
	rootObject = 967409F227C1F0520047AF24 /* Project object */;
}
